
Microsoft Visual Studio Solution File, Format Version 12.00
# Visual Studio Version 16
VisualStudioVersion = 16.0.30011.22
MinimumVisualStudioVersion = 10.0.40219.1
Project("{FAE04EC0-301F-11D3-BF4B-00C04F79EFBC}") = "App06.UWP", "App06\App06.UWP\App06.UWP.csproj", "{8130CA5D-FB47-4297-9FDF-7B8A91FFC54E}"
EndProject
Project("{FAE04EC0-301F-11D3-BF4B-00C04F79EFBC}") = "App06.Android", "App06\App06.Android\App06.Android.csproj", "{767CCCE4-A781-4BC6-9424-B1592185B41D}"
EndProject
Project("{FAE04EC0-301F-11D3-BF4B-00C04F79EFBC}") = "App06.iOS", "App06\App06.iOS\App06.iOS.csproj", "{62B5C98F-DBC7-42D5-B0FB-45F22384EF45}"
EndProject
Project("{FAE04EC0-301F-11D3-BF4B-00C04F79EFBC}") = "App06", "App06\App06\App06.csproj", "{4B2DB138-8211-4FC8-9371-3A110B27D1EE}"
EndProject
Global
	GlobalSection(SolutionConfigurationPlatforms) = preSolution
		Debug|Any CPU = Debug|Any CPU
		Debug|ARM = Debug|ARM
		Debug|iPhone = Debug|iPhone
		Debug|iPhoneSimulator = Debug|iPhoneSimulator
		Debug|x64 = Debug|x64
		Debug|x86 = Debug|x86
		Release|Any CPU = Release|Any CPU
		Release|ARM = Release|ARM
		Release|iPhone = Release|iPhone
		Release|iPhoneSimulator = Release|iPhoneSimulator
		Release|x64 = Release|x64
		Release|x86 = Release|x86
	EndGlobalSection
	GlobalSection(ProjectConfigurationPlatforms) = postSolution
		{8130CA5D-FB47-4297-9FDF-7B8A91FFC54E}.Debug|Any CPU.ActiveCfg = Debug|x86
		{8130CA5D-FB47-4297-9FDF-7B8A91FFC54E}.Debug|Any CPU.Build.0 = Debug|x86
		{8130CA5D-FB47-4297-9FDF-7B8A91FFC54E}.Debug|Any CPU.Deploy.0 = Debug|x86
		{8130CA5D-FB47-4297-9FDF-7B8A91FFC54E}.Debug|ARM.ActiveCfg = Debug|ARM
		{8130CA5D-FB47-4297-9FDF-7B8A91FFC54E}.Debug|ARM.Build.0 = Debug|ARM
		{8130CA5D-FB47-4297-9FDF-7B8A91FFC54E}.Debug|ARM.Deploy.0 = Debug|ARM
		{8130CA5D-FB47-4297-9FDF-7B8A91FFC54E}.Debug|iPhone.ActiveCfg = Debug|x86
		{8130CA5D-FB47-4297-9FDF-7B8A91FFC54E}.Debug|iPhone.Build.0 = Debug|x86
		{8130CA5D-FB47-4297-9FDF-7B8A91FFC54E}.Debug|iPhone.Deploy.0 = Debug|x86
		{8130CA5D-FB47-4297-9FDF-7B8A91FFC54E}.Debug|iPhoneSimulator.ActiveCfg = Debug|x86
		{8130CA5D-FB47-4297-9FDF-7B8A91FFC54E}.Debug|iPhoneSimulator.Build.0 = Debug|x86
		{8130CA5D-FB47-4297-9FDF-7B8A91FFC54E}.Debug|iPhoneSimulator.Deploy.0 = Debug|x86
		{8130CA5D-FB47-4297-9FDF-7B8A91FFC54E}.Debug|x64.ActiveCfg = Debug|x64
		{8130CA5D-FB47-4297-9FDF-7B8A91FFC54E}.Debug|x64.Build.0 = Debug|x64
		{8130CA5D-FB47-4297-9FDF-7B8A91FFC54E}.Debug|x64.Deploy.0 = Debug|x64
		{8130CA5D-FB47-4297-9FDF-7B8A91FFC54E}.Debug|x86.ActiveCfg = Debug|x86
		{8130CA5D-FB47-4297-9FDF-7B8A91FFC54E}.Debug|x86.Build.0 = Debug|x86
		{8130CA5D-FB47-4297-9FDF-7B8A91FFC54E}.Debug|x86.Deploy.0 = Debug|x86
		{8130CA5D-FB47-4297-9FDF-7B8A91FFC54E}.Release|Any CPU.ActiveCfg = Release|x86
		{8130CA5D-FB47-4297-9FDF-7B8A91FFC54E}.Release|Any CPU.Build.0 = Release|x86
		{8130CA5D-FB47-4297-9FDF-7B8A91FFC54E}.Release|Any CPU.Deploy.0 = Release|x86
		{8130CA5D-FB47-4297-9FDF-7B8A91FFC54E}.Release|ARM.ActiveCfg = Release|ARM
		{8130CA5D-FB47-4297-9FDF-7B8A91FFC54E}.Release|ARM.Build.0 = Release|ARM
		{8130CA5D-FB47-4297-9FDF-7B8A91FFC54E}.Release|ARM.Deploy.0 = Release|ARM
		{8130CA5D-FB47-4297-9FDF-7B8A91FFC54E}.Release|iPhone.ActiveCfg = Release|x86
		{8130CA5D-FB47-4297-9FDF-7B8A91FFC54E}.Release|iPhone.Build.0 = Release|x86
		{8130CA5D-FB47-4297-9FDF-7B8A91FFC54E}.Release|iPhone.Deploy.0 = Release|x86
		{8130CA5D-FB47-4297-9FDF-7B8A91FFC54E}.Release|iPhoneSimulator.ActiveCfg = Release|x86
		{8130CA5D-FB47-4297-9FDF-7B8A91FFC54E}.Release|iPhoneSimulator.Build.0 = Release|x86
		{8130CA5D-FB47-4297-9FDF-7B8A91FFC54E}.Release|iPhoneSimulator.Deploy.0 = Release|x86
		{8130CA5D-FB47-4297-9FDF-7B8A91FFC54E}.Release|x64.ActiveCfg = Release|x64
		{8130CA5D-FB47-4297-9FDF-7B8A91FFC54E}.Release|x64.Build.0 = Release|x64
		{8130CA5D-FB47-4297-9FDF-7B8A91FFC54E}.Release|x64.Deploy.0 = Release|x64
		{8130CA5D-FB47-4297-9FDF-7B8A91FFC54E}.Release|x86.ActiveCfg = Release|x86
		{8130CA5D-FB47-4297-9FDF-7B8A91FFC54E}.Release|x86.Build.0 = Release|x86
		{8130CA5D-FB47-4297-9FDF-7B8A91FFC54E}.Release|x86.Deploy.0 = Release|x86
		{767CCCE4-A781-4BC6-9424-B1592185B41D}.Debug|Any CPU.ActiveCfg = Debug|Any CPU
		{767CCCE4-A781-4BC6-9424-B1592185B41D}.Debug|Any CPU.Build.0 = Debug|Any CPU
		{767CCCE4-A781-4BC6-9424-B1592185B41D}.Debug|Any CPU.Deploy.0 = Debug|Any CPU
		{767CCCE4-A781-4BC6-9424-B1592185B41D}.Debug|ARM.ActiveCfg = Debug|Any CPU
		{767CCCE4-A781-4BC6-9424-B1592185B41D}.Debug|ARM.Build.0 = Debug|Any CPU
		{767CCCE4-A781-4BC6-9424-B1592185B41D}.Debug|ARM.Deploy.0 = Debug|Any CPU
		{767CCCE4-A781-4BC6-9424-B1592185B41D}.Debug|iPhone.ActiveCfg = Debug|Any CPU
		{767CCCE4-A781-4BC6-9424-B1592185B41D}.Debug|iPhone.Build.0 = Debug|Any CPU
		{767CCCE4-A781-4BC6-9424-B1592185B41D}.Debug|iPhone.Deploy.0 = Debug|Any CPU
		{767CCCE4-A781-4BC6-9424-B1592185B41D}.Debug|iPhoneSimulator.ActiveCfg = Debug|Any CPU
		{767CCCE4-A781-4BC6-9424-B1592185B41D}.Debug|iPhoneSimulator.Build.0 = Debug|Any CPU
		{767CCCE4-A781-4BC6-9424-B1592185B41D}.Debug|iPhoneSimulator.Deploy.0 = Debug|Any CPU
		{767CCCE4-A781-4BC6-9424-B1592185B41D}.Debug|x64.ActiveCfg = Debug|Any CPU
		{767CCCE4-A781-4BC6-9424-B1592185B41D}.Debug|x64.Build.0 = Debug|Any CPU
		{767CCCE4-A781-4BC6-9424-B1592185B41D}.Debug|x64.Deploy.0 = Debug|Any CPU
		{767CCCE4-A781-4BC6-9424-B1592185B41D}.Debug|x86.ActiveCfg = Debug|Any CPU
		{767CCCE4-A781-4BC6-9424-B1592185B41D}.Debug|x86.Build.0 = Debug|Any CPU
		{767CCCE4-A781-4BC6-9424-B1592185B41D}.Debug|x86.Deploy.0 = Debug|Any CPU
		{767CCCE4-A781-4BC6-9424-B1592185B41D}.Release|Any CPU.ActiveCfg = Release|Any CPU
		{767CCCE4-A781-4BC6-9424-B1592185B41D}.Release|Any CPU.Build.0 = Release|Any CPU
		{767CCCE4-A781-4BC6-9424-B1592185B41D}.Release|Any CPU.Deploy.0 = Release|Any CPU
		{767CCCE4-A781-4BC6-9424-B1592185B41D}.Release|ARM.ActiveCfg = Release|Any CPU
		{767CCCE4-A781-4BC6-9424-B1592185B41D}.Release|ARM.Build.0 = Release|Any CPU
		{767CCCE4-A781-4BC6-9424-B1592185B41D}.Release|ARM.Deploy.0 = Release|Any CPU
		{767CCCE4-A781-4BC6-9424-B1592185B41D}.Release|iPhone.ActiveCfg = Release|Any CPU
		{767CCCE4-A781-4BC6-9424-B1592185B41D}.Release|iPhone.Build.0 = Release|Any CPU
		{767CCCE4-A781-4BC6-9424-B1592185B41D}.Release|iPhone.Deploy.0 = Release|Any CPU
		{767CCCE4-A781-4BC6-9424-B1592185B41D}.Release|iPhoneSimulator.ActiveCfg = Release|Any CPU
		{767CCCE4-A781-4BC6-9424-B1592185B41D}.Release|iPhoneSimulator.Build.0 = Release|Any CPU
		{767CCCE4-A781-4BC6-9424-B1592185B41D}.Release|iPhoneSimulator.Deploy.0 = Release|Any CPU
		{767CCCE4-A781-4BC6-9424-B1592185B41D}.Release|x64.ActiveCfg = Release|Any CPU
		{767CCCE4-A781-4BC6-9424-B1592185B41D}.Release|x64.Build.0 = Release|Any CPU
		{767CCCE4-A781-4BC6-9424-B1592185B41D}.Release|x64.Deploy.0 = Release|Any CPU
		{767CCCE4-A781-4BC6-9424-B1592185B41D}.Release|x86.ActiveCfg = Release|Any CPU
		{767CCCE4-A781-4BC6-9424-B1592185B41D}.Release|x86.Build.0 = Release|Any CPU
		{767CCCE4-A781-4BC6-9424-B1592185B41D}.Release|x86.Deploy.0 = Release|Any CPU
		{62B5C98F-DBC7-42D5-B0FB-45F22384EF45}.Debug|Any CPU.ActiveCfg = Debug|iPhone
		{62B5C98F-DBC7-42D5-B0FB-45F22384EF45}.Debug|Any CPU.Build.0 = Debug|iPhone
		{62B5C98F-DBC7-42D5-B0FB-45F22384EF45}.Debug|Any CPU.Deploy.0 = Debug|iPhone
		{62B5C98F-DBC7-42D5-B0FB-45F22384EF45}.Debug|ARM.ActiveCfg = Debug|iPhone
		{62B5C98F-DBC7-42D5-B0FB-45F22384EF45}.Debug|ARM.Build.0 = Debug|iPhone
		{62B5C98F-DBC7-42D5-B0FB-45F22384EF45}.Debug|ARM.Deploy.0 = Debug|iPhone
		{62B5C98F-DBC7-42D5-B0FB-45F22384EF45}.Debug|iPhone.ActiveCfg = Debug|iPhone
		{62B5C98F-DBC7-42D5-B0FB-45F22384EF45}.Debug|iPhone.Build.0 = Debug|iPhone
		{62B5C98F-DBC7-42D5-B0FB-45F22384EF45}.Debug|iPhone.Deploy.0 = Debug|iPhone
		{62B5C98F-DBC7-42D5-B0FB-45F22384EF45}.Debug|iPhoneSimulator.ActiveCfg = Debug|iPhoneSimulator
		{62B5C98F-DBC7-42D5-B0FB-45F22384EF45}.Debug|iPhoneSimulator.Build.0 = Debug|iPhoneSimulator
		{62B5C98F-DBC7-42D5-B0FB-45F22384EF45}.Debug|iPhoneSimulator.Deploy.0 = Debug|iPhoneSimulator
		{62B5C98F-DBC7-42D5-B0FB-45F22384EF45}.Debug|x64.ActiveCfg = Debug|iPhone
		{62B5C98F-DBC7-42D5-B0FB-45F22384EF45}.Debug|x64.Build.0 = Debug|iPhone
		{62B5C98F-DBC7-42D5-B0FB-45F22384EF45}.Debug|x64.Deploy.0 = Debug|iPhone
		{62B5C98F-DBC7-42D5-B0FB-45F22384EF45}.Debug|x86.ActiveCfg = Debug|iPhone
		{62B5C98F-DBC7-42D5-B0FB-45F22384EF45}.Debug|x86.Build.0 = Debug|iPhone
		{62B5C98F-DBC7-42D5-B0FB-45F22384EF45}.Debug|x86.Deploy.0 = Debug|iPhone
		{62B5C98F-DBC7-42D5-B0FB-45F22384EF45}.Release|Any CPU.ActiveCfg = Release|iPhone
		{62B5C98F-DBC7-42D5-B0FB-45F22384EF45}.Release|Any CPU.Build.0 = Release|iPhone
		{62B5C98F-DBC7-42D5-B0FB-45F22384EF45}.Release|Any CPU.Deploy.0 = Release|iPhone
		{62B5C98F-DBC7-42D5-B0FB-45F22384EF45}.Release|ARM.ActiveCfg = Release|iPhone
		{62B5C98F-DBC7-42D5-B0FB-45F22384EF45}.Release|ARM.Build.0 = Release|iPhone
		{62B5C98F-DBC7-42D5-B0FB-45F22384EF45}.Release|ARM.Deploy.0 = Release|iPhone
		{62B5C98F-DBC7-42D5-B0FB-45F22384EF45}.Release|iPhone.ActiveCfg = Release|iPhone
		{62B5C98F-DBC7-42D5-B0FB-45F22384EF45}.Release|iPhone.Build.0 = Release|iPhone
		{62B5C98F-DBC7-42D5-B0FB-45F22384EF45}.Release|iPhone.Deploy.0 = Release|iPhone
		{62B5C98F-DBC7-42D5-B0FB-45F22384EF45}.Release|iPhoneSimulator.ActiveCfg = Release|iPhoneSimulator
		{62B5C98F-DBC7-42D5-B0FB-45F22384EF45}.Release|iPhoneSimulator.Build.0 = Release|iPhoneSimulator
		{62B5C98F-DBC7-42D5-B0FB-45F22384EF45}.Release|iPhoneSimulator.Deploy.0 = Release|iPhoneSimulator
		{62B5C98F-DBC7-42D5-B0FB-45F22384EF45}.Release|x64.ActiveCfg = Release|iPhone
		{62B5C98F-DBC7-42D5-B0FB-45F22384EF45}.Release|x64.Build.0 = Release|iPhone
		{62B5C98F-DBC7-42D5-B0FB-45F22384EF45}.Release|x64.Deploy.0 = Release|iPhone
		{62B5C98F-DBC7-42D5-B0FB-45F22384EF45}.Release|x86.ActiveCfg = Release|iPhone
		{62B5C98F-DBC7-42D5-B0FB-45F22384EF45}.Release|x86.Build.0 = Release|iPhone
		{62B5C98F-DBC7-42D5-B0FB-45F22384EF45}.Release|x86.Deploy.0 = Release|iPhone
		{4B2DB138-8211-4FC8-9371-3A110B27D1EE}.Debug|Any CPU.ActiveCfg = Debug|Any CPU
		{4B2DB138-8211-4FC8-9371-3A110B27D1EE}.Debug|Any CPU.Build.0 = Debug|Any CPU
		{4B2DB138-8211-4FC8-9371-3A110B27D1EE}.Debug|Any CPU.Deploy.0 = Debug|Any CPU
		{4B2DB138-8211-4FC8-9371-3A110B27D1EE}.Debug|ARM.ActiveCfg = Debug|Any CPU
		{4B2DB138-8211-4FC8-9371-3A110B27D1EE}.Debug|ARM.Build.0 = Debug|Any CPU
		{4B2DB138-8211-4FC8-9371-3A110B27D1EE}.Debug|ARM.Deploy.0 = Debug|Any CPU
		{4B2DB138-8211-4FC8-9371-3A110B27D1EE}.Debug|iPhone.ActiveCfg = Debug|Any CPU
		{4B2DB138-8211-4FC8-9371-3A110B27D1EE}.Debug|iPhone.Build.0 = Debug|Any CPU
		{4B2DB138-8211-4FC8-9371-3A110B27D1EE}.Debug|iPhone.Deploy.0 = Debug|Any CPU
		{4B2DB138-8211-4FC8-9371-3A110B27D1EE}.Debug|iPhoneSimulator.ActiveCfg = Debug|Any CPU
		{4B2DB138-8211-4FC8-9371-3A110B27D1EE}.Debug|iPhoneSimulator.Build.0 = Debug|Any CPU
		{4B2DB138-8211-4FC8-9371-3A110B27D1EE}.Debug|iPhoneSimulator.Deploy.0 = Debug|Any CPU
		{4B2DB138-8211-4FC8-9371-3A110B27D1EE}.Debug|x64.ActiveCfg = Debug|Any CPU
		{4B2DB138-8211-4FC8-9371-3A110B27D1EE}.Debug|x64.Build.0 = Debug|Any CPU
		{4B2DB138-8211-4FC8-9371-3A110B27D1EE}.Debug|x64.Deploy.0 = Debug|Any CPU
		{4B2DB138-8211-4FC8-9371-3A110B27D1EE}.Debug|x86.ActiveCfg = Debug|Any CPU
		{4B2DB138-8211-4FC8-9371-3A110B27D1EE}.Debug|x86.Build.0 = Debug|Any CPU
		{4B2DB138-8211-4FC8-9371-3A110B27D1EE}.Debug|x86.Deploy.0 = Debug|Any CPU
		{4B2DB138-8211-4FC8-9371-3A110B27D1EE}.Release|Any CPU.ActiveCfg = Release|Any CPU
		{4B2DB138-8211-4FC8-9371-3A110B27D1EE}.Release|Any CPU.Build.0 = Release|Any CPU
		{4B2DB138-8211-4FC8-9371-3A110B27D1EE}.Release|Any CPU.Deploy.0 = Release|Any CPU
		{4B2DB138-8211-4FC8-9371-3A110B27D1EE}.Release|ARM.ActiveCfg = Release|Any CPU
		{4B2DB138-8211-4FC8-9371-3A110B27D1EE}.Release|ARM.Build.0 = Release|Any CPU
		{4B2DB138-8211-4FC8-9371-3A110B27D1EE}.Release|ARM.Deploy.0 = Release|Any CPU
		{4B2DB138-8211-4FC8-9371-3A110B27D1EE}.Release|iPhone.ActiveCfg = Release|Any CPU
		{4B2DB138-8211-4FC8-9371-3A110B27D1EE}.Release|iPhone.Build.0 = Release|Any CPU
		{4B2DB138-8211-4FC8-9371-3A110B27D1EE}.Release|iPhone.Deploy.0 = Release|Any CPU
		{4B2DB138-8211-4FC8-9371-3A110B27D1EE}.Release|iPhoneSimulator.ActiveCfg = Release|Any CPU
		{4B2DB138-8211-4FC8-9371-3A110B27D1EE}.Release|iPhoneSimulator.Build.0 = Release|Any CPU
		{4B2DB138-8211-4FC8-9371-3A110B27D1EE}.Release|iPhoneSimulator.Deploy.0 = Release|Any CPU
		{4B2DB138-8211-4FC8-9371-3A110B27D1EE}.Release|x64.ActiveCfg = Release|Any CPU
		{4B2DB138-8211-4FC8-9371-3A110B27D1EE}.Release|x64.Build.0 = Release|Any CPU
		{4B2DB138-8211-4FC8-9371-3A110B27D1EE}.Release|x64.Deploy.0 = Release|Any CPU
		{4B2DB138-8211-4FC8-9371-3A110B27D1EE}.Release|x86.ActiveCfg = Release|Any CPU
		{4B2DB138-8211-4FC8-9371-3A110B27D1EE}.Release|x86.Build.0 = Release|Any CPU
		{4B2DB138-8211-4FC8-9371-3A110B27D1EE}.Release|x86.Deploy.0 = Release|Any CPU
	EndGlobalSection
	GlobalSection(SolutionProperties) = preSolution
		HideSolutionNode = FALSE
	EndGlobalSection
	GlobalSection(ExtensibilityGlobals) = postSolution
		SolutionGuid = {ED600018-6AE7-4D90-AD6F-BBD1415F5A6A}
	EndGlobalSection
EndGlobal
