
Microsoft Visual Studio Solution File, Format Version 12.00
# Visual Studio Version 16
VisualStudioVersion = 16.0.30011.22
MinimumVisualStudioVersion = 10.0.40219.1
Project("{FAE04EC0-301F-11D3-BF4B-00C04F79EFBC}") = "App12_Realm.UWP", "App12_Realm\App12_Realm.UWP\App12_Realm.UWP.csproj", "{96224AD3-EFF6-4176-A464-1B99616EFDD7}"
EndProject
Project("{FAE04EC0-301F-11D3-BF4B-00C04F79EFBC}") = "App12_Realm.Android", "App12_Realm\App12_Realm.Android\App12_Realm.Android.csproj", "{8BFE5CAD-1D50-46BE-A291-840F1389398E}"
EndProject
Project("{FAE04EC0-301F-11D3-BF4B-00C04F79EFBC}") = "App12_Realm.iOS", "App12_Realm\App12_Realm.iOS\App12_Realm.iOS.csproj", "{9FB3713A-8CD8-4679-A759-87784C1C9CBF}"
EndProject
Project("{FAE04EC0-301F-11D3-BF4B-00C04F79EFBC}") = "App12_Realm", "App12_Realm\App12_Realm\App12_Realm.csproj", "{761E76D7-88E4-4121-B717-DE88800FA1E1}"
EndProject
Global
	GlobalSection(SolutionConfigurationPlatforms) = preSolution
		Debug|Any CPU = Debug|Any CPU
		Debug|ARM = Debug|ARM
		Debug|iPhone = Debug|iPhone
		Debug|iPhoneSimulator = Debug|iPhoneSimulator
		Debug|x64 = Debug|x64
		Debug|x86 = Debug|x86
		Release|Any CPU = Release|Any CPU
		Release|ARM = Release|ARM
		Release|iPhone = Release|iPhone
		Release|iPhoneSimulator = Release|iPhoneSimulator
		Release|x64 = Release|x64
		Release|x86 = Release|x86
	EndGlobalSection
	GlobalSection(ProjectConfigurationPlatforms) = postSolution
		{96224AD3-EFF6-4176-A464-1B99616EFDD7}.Debug|Any CPU.ActiveCfg = Debug|x86
		{96224AD3-EFF6-4176-A464-1B99616EFDD7}.Debug|Any CPU.Build.0 = Debug|x86
		{96224AD3-EFF6-4176-A464-1B99616EFDD7}.Debug|Any CPU.Deploy.0 = Debug|x86
		{96224AD3-EFF6-4176-A464-1B99616EFDD7}.Debug|ARM.ActiveCfg = Debug|ARM
		{96224AD3-EFF6-4176-A464-1B99616EFDD7}.Debug|ARM.Build.0 = Debug|ARM
		{96224AD3-EFF6-4176-A464-1B99616EFDD7}.Debug|ARM.Deploy.0 = Debug|ARM
		{96224AD3-EFF6-4176-A464-1B99616EFDD7}.Debug|iPhone.ActiveCfg = Debug|x86
		{96224AD3-EFF6-4176-A464-1B99616EFDD7}.Debug|iPhone.Build.0 = Debug|x86
		{96224AD3-EFF6-4176-A464-1B99616EFDD7}.Debug|iPhone.Deploy.0 = Debug|x86
		{96224AD3-EFF6-4176-A464-1B99616EFDD7}.Debug|iPhoneSimulator.ActiveCfg = Debug|x86
		{96224AD3-EFF6-4176-A464-1B99616EFDD7}.Debug|iPhoneSimulator.Build.0 = Debug|x86
		{96224AD3-EFF6-4176-A464-1B99616EFDD7}.Debug|iPhoneSimulator.Deploy.0 = Debug|x86
		{96224AD3-EFF6-4176-A464-1B99616EFDD7}.Debug|x64.ActiveCfg = Debug|x64
		{96224AD3-EFF6-4176-A464-1B99616EFDD7}.Debug|x64.Build.0 = Debug|x64
		{96224AD3-EFF6-4176-A464-1B99616EFDD7}.Debug|x64.Deploy.0 = Debug|x64
		{96224AD3-EFF6-4176-A464-1B99616EFDD7}.Debug|x86.ActiveCfg = Debug|x86
		{96224AD3-EFF6-4176-A464-1B99616EFDD7}.Debug|x86.Build.0 = Debug|x86
		{96224AD3-EFF6-4176-A464-1B99616EFDD7}.Debug|x86.Deploy.0 = Debug|x86
		{96224AD3-EFF6-4176-A464-1B99616EFDD7}.Release|Any CPU.ActiveCfg = Release|x86
		{96224AD3-EFF6-4176-A464-1B99616EFDD7}.Release|Any CPU.Build.0 = Release|x86
		{96224AD3-EFF6-4176-A464-1B99616EFDD7}.Release|Any CPU.Deploy.0 = Release|x86
		{96224AD3-EFF6-4176-A464-1B99616EFDD7}.Release|ARM.ActiveCfg = Release|ARM
		{96224AD3-EFF6-4176-A464-1B99616EFDD7}.Release|ARM.Build.0 = Release|ARM
		{96224AD3-EFF6-4176-A464-1B99616EFDD7}.Release|ARM.Deploy.0 = Release|ARM
		{96224AD3-EFF6-4176-A464-1B99616EFDD7}.Release|iPhone.ActiveCfg = Release|x86
		{96224AD3-EFF6-4176-A464-1B99616EFDD7}.Release|iPhone.Build.0 = Release|x86
		{96224AD3-EFF6-4176-A464-1B99616EFDD7}.Release|iPhone.Deploy.0 = Release|x86
		{96224AD3-EFF6-4176-A464-1B99616EFDD7}.Release|iPhoneSimulator.ActiveCfg = Release|x86
		{96224AD3-EFF6-4176-A464-1B99616EFDD7}.Release|iPhoneSimulator.Build.0 = Release|x86
		{96224AD3-EFF6-4176-A464-1B99616EFDD7}.Release|iPhoneSimulator.Deploy.0 = Release|x86
		{96224AD3-EFF6-4176-A464-1B99616EFDD7}.Release|x64.ActiveCfg = Release|x64
		{96224AD3-EFF6-4176-A464-1B99616EFDD7}.Release|x64.Build.0 = Release|x64
		{96224AD3-EFF6-4176-A464-1B99616EFDD7}.Release|x64.Deploy.0 = Release|x64
		{96224AD3-EFF6-4176-A464-1B99616EFDD7}.Release|x86.ActiveCfg = Release|x86
		{96224AD3-EFF6-4176-A464-1B99616EFDD7}.Release|x86.Build.0 = Release|x86
		{96224AD3-EFF6-4176-A464-1B99616EFDD7}.Release|x86.Deploy.0 = Release|x86
		{8BFE5CAD-1D50-46BE-A291-840F1389398E}.Debug|Any CPU.ActiveCfg = Debug|Any CPU
		{8BFE5CAD-1D50-46BE-A291-840F1389398E}.Debug|Any CPU.Build.0 = Debug|Any CPU
		{8BFE5CAD-1D50-46BE-A291-840F1389398E}.Debug|Any CPU.Deploy.0 = Debug|Any CPU
		{8BFE5CAD-1D50-46BE-A291-840F1389398E}.Debug|ARM.ActiveCfg = Debug|Any CPU
		{8BFE5CAD-1D50-46BE-A291-840F1389398E}.Debug|ARM.Build.0 = Debug|Any CPU
		{8BFE5CAD-1D50-46BE-A291-840F1389398E}.Debug|ARM.Deploy.0 = Debug|Any CPU
		{8BFE5CAD-1D50-46BE-A291-840F1389398E}.Debug|iPhone.ActiveCfg = Debug|Any CPU
		{8BFE5CAD-1D50-46BE-A291-840F1389398E}.Debug|iPhone.Build.0 = Debug|Any CPU
		{8BFE5CAD-1D50-46BE-A291-840F1389398E}.Debug|iPhone.Deploy.0 = Debug|Any CPU
		{8BFE5CAD-1D50-46BE-A291-840F1389398E}.Debug|iPhoneSimulator.ActiveCfg = Debug|Any CPU
		{8BFE5CAD-1D50-46BE-A291-840F1389398E}.Debug|iPhoneSimulator.Build.0 = Debug|Any CPU
		{8BFE5CAD-1D50-46BE-A291-840F1389398E}.Debug|iPhoneSimulator.Deploy.0 = Debug|Any CPU
		{8BFE5CAD-1D50-46BE-A291-840F1389398E}.Debug|x64.ActiveCfg = Debug|Any CPU
		{8BFE5CAD-1D50-46BE-A291-840F1389398E}.Debug|x64.Build.0 = Debug|Any CPU
		{8BFE5CAD-1D50-46BE-A291-840F1389398E}.Debug|x64.Deploy.0 = Debug|Any CPU
		{8BFE5CAD-1D50-46BE-A291-840F1389398E}.Debug|x86.ActiveCfg = Debug|Any CPU
		{8BFE5CAD-1D50-46BE-A291-840F1389398E}.Debug|x86.Build.0 = Debug|Any CPU
		{8BFE5CAD-1D50-46BE-A291-840F1389398E}.Debug|x86.Deploy.0 = Debug|Any CPU
		{8BFE5CAD-1D50-46BE-A291-840F1389398E}.Release|Any CPU.ActiveCfg = Release|Any CPU
		{8BFE5CAD-1D50-46BE-A291-840F1389398E}.Release|Any CPU.Build.0 = Release|Any CPU
		{8BFE5CAD-1D50-46BE-A291-840F1389398E}.Release|Any CPU.Deploy.0 = Release|Any CPU
		{8BFE5CAD-1D50-46BE-A291-840F1389398E}.Release|ARM.ActiveCfg = Release|Any CPU
		{8BFE5CAD-1D50-46BE-A291-840F1389398E}.Release|ARM.Build.0 = Release|Any CPU
		{8BFE5CAD-1D50-46BE-A291-840F1389398E}.Release|ARM.Deploy.0 = Release|Any CPU
		{8BFE5CAD-1D50-46BE-A291-840F1389398E}.Release|iPhone.ActiveCfg = Release|Any CPU
		{8BFE5CAD-1D50-46BE-A291-840F1389398E}.Release|iPhone.Build.0 = Release|Any CPU
		{8BFE5CAD-1D50-46BE-A291-840F1389398E}.Release|iPhone.Deploy.0 = Release|Any CPU
		{8BFE5CAD-1D50-46BE-A291-840F1389398E}.Release|iPhoneSimulator.ActiveCfg = Release|Any CPU
		{8BFE5CAD-1D50-46BE-A291-840F1389398E}.Release|iPhoneSimulator.Build.0 = Release|Any CPU
		{8BFE5CAD-1D50-46BE-A291-840F1389398E}.Release|iPhoneSimulator.Deploy.0 = Release|Any CPU
		{8BFE5CAD-1D50-46BE-A291-840F1389398E}.Release|x64.ActiveCfg = Release|Any CPU
		{8BFE5CAD-1D50-46BE-A291-840F1389398E}.Release|x64.Build.0 = Release|Any CPU
		{8BFE5CAD-1D50-46BE-A291-840F1389398E}.Release|x64.Deploy.0 = Release|Any CPU
		{8BFE5CAD-1D50-46BE-A291-840F1389398E}.Release|x86.ActiveCfg = Release|Any CPU
		{8BFE5CAD-1D50-46BE-A291-840F1389398E}.Release|x86.Build.0 = Release|Any CPU
		{8BFE5CAD-1D50-46BE-A291-840F1389398E}.Release|x86.Deploy.0 = Release|Any CPU
		{9FB3713A-8CD8-4679-A759-87784C1C9CBF}.Debug|Any CPU.ActiveCfg = Debug|iPhone
		{9FB3713A-8CD8-4679-A759-87784C1C9CBF}.Debug|Any CPU.Build.0 = Debug|iPhone
		{9FB3713A-8CD8-4679-A759-87784C1C9CBF}.Debug|Any CPU.Deploy.0 = Debug|iPhone
		{9FB3713A-8CD8-4679-A759-87784C1C9CBF}.Debug|ARM.ActiveCfg = Debug|iPhone
		{9FB3713A-8CD8-4679-A759-87784C1C9CBF}.Debug|ARM.Build.0 = Debug|iPhone
		{9FB3713A-8CD8-4679-A759-87784C1C9CBF}.Debug|ARM.Deploy.0 = Debug|iPhone
		{9FB3713A-8CD8-4679-A759-87784C1C9CBF}.Debug|iPhone.ActiveCfg = Debug|iPhone
		{9FB3713A-8CD8-4679-A759-87784C1C9CBF}.Debug|iPhone.Build.0 = Debug|iPhone
		{9FB3713A-8CD8-4679-A759-87784C1C9CBF}.Debug|iPhone.Deploy.0 = Debug|iPhone
		{9FB3713A-8CD8-4679-A759-87784C1C9CBF}.Debug|iPhoneSimulator.ActiveCfg = Debug|iPhoneSimulator
		{9FB3713A-8CD8-4679-A759-87784C1C9CBF}.Debug|iPhoneSimulator.Build.0 = Debug|iPhoneSimulator
		{9FB3713A-8CD8-4679-A759-87784C1C9CBF}.Debug|iPhoneSimulator.Deploy.0 = Debug|iPhoneSimulator
		{9FB3713A-8CD8-4679-A759-87784C1C9CBF}.Debug|x64.ActiveCfg = Debug|iPhone
		{9FB3713A-8CD8-4679-A759-87784C1C9CBF}.Debug|x64.Build.0 = Debug|iPhone
		{9FB3713A-8CD8-4679-A759-87784C1C9CBF}.Debug|x64.Deploy.0 = Debug|iPhone
		{9FB3713A-8CD8-4679-A759-87784C1C9CBF}.Debug|x86.ActiveCfg = Debug|iPhone
		{9FB3713A-8CD8-4679-A759-87784C1C9CBF}.Debug|x86.Build.0 = Debug|iPhone
		{9FB3713A-8CD8-4679-A759-87784C1C9CBF}.Debug|x86.Deploy.0 = Debug|iPhone
		{9FB3713A-8CD8-4679-A759-87784C1C9CBF}.Release|Any CPU.ActiveCfg = Release|iPhone
		{9FB3713A-8CD8-4679-A759-87784C1C9CBF}.Release|Any CPU.Build.0 = Release|iPhone
		{9FB3713A-8CD8-4679-A759-87784C1C9CBF}.Release|Any CPU.Deploy.0 = Release|iPhone
		{9FB3713A-8CD8-4679-A759-87784C1C9CBF}.Release|ARM.ActiveCfg = Release|iPhone
		{9FB3713A-8CD8-4679-A759-87784C1C9CBF}.Release|ARM.Build.0 = Release|iPhone
		{9FB3713A-8CD8-4679-A759-87784C1C9CBF}.Release|ARM.Deploy.0 = Release|iPhone
		{9FB3713A-8CD8-4679-A759-87784C1C9CBF}.Release|iPhone.ActiveCfg = Release|iPhone
		{9FB3713A-8CD8-4679-A759-87784C1C9CBF}.Release|iPhone.Build.0 = Release|iPhone
		{9FB3713A-8CD8-4679-A759-87784C1C9CBF}.Release|iPhone.Deploy.0 = Release|iPhone
		{9FB3713A-8CD8-4679-A759-87784C1C9CBF}.Release|iPhoneSimulator.ActiveCfg = Release|iPhoneSimulator
		{9FB3713A-8CD8-4679-A759-87784C1C9CBF}.Release|iPhoneSimulator.Build.0 = Release|iPhoneSimulator
		{9FB3713A-8CD8-4679-A759-87784C1C9CBF}.Release|iPhoneSimulator.Deploy.0 = Release|iPhoneSimulator
		{9FB3713A-8CD8-4679-A759-87784C1C9CBF}.Release|x64.ActiveCfg = Release|iPhone
		{9FB3713A-8CD8-4679-A759-87784C1C9CBF}.Release|x64.Build.0 = Release|iPhone
		{9FB3713A-8CD8-4679-A759-87784C1C9CBF}.Release|x64.Deploy.0 = Release|iPhone
		{9FB3713A-8CD8-4679-A759-87784C1C9CBF}.Release|x86.ActiveCfg = Release|iPhone
		{9FB3713A-8CD8-4679-A759-87784C1C9CBF}.Release|x86.Build.0 = Release|iPhone
		{9FB3713A-8CD8-4679-A759-87784C1C9CBF}.Release|x86.Deploy.0 = Release|iPhone
		{761E76D7-88E4-4121-B717-DE88800FA1E1}.Debug|Any CPU.ActiveCfg = Debug|Any CPU
		{761E76D7-88E4-4121-B717-DE88800FA1E1}.Debug|Any CPU.Build.0 = Debug|Any CPU
		{761E76D7-88E4-4121-B717-DE88800FA1E1}.Debug|Any CPU.Deploy.0 = Debug|Any CPU
		{761E76D7-88E4-4121-B717-DE88800FA1E1}.Debug|ARM.ActiveCfg = Debug|Any CPU
		{761E76D7-88E4-4121-B717-DE88800FA1E1}.Debug|ARM.Build.0 = Debug|Any CPU
		{761E76D7-88E4-4121-B717-DE88800FA1E1}.Debug|ARM.Deploy.0 = Debug|Any CPU
		{761E76D7-88E4-4121-B717-DE88800FA1E1}.Debug|iPhone.ActiveCfg = Debug|Any CPU
		{761E76D7-88E4-4121-B717-DE88800FA1E1}.Debug|iPhone.Build.0 = Debug|Any CPU
		{761E76D7-88E4-4121-B717-DE88800FA1E1}.Debug|iPhone.Deploy.0 = Debug|Any CPU
		{761E76D7-88E4-4121-B717-DE88800FA1E1}.Debug|iPhoneSimulator.ActiveCfg = Debug|Any CPU
		{761E76D7-88E4-4121-B717-DE88800FA1E1}.Debug|iPhoneSimulator.Build.0 = Debug|Any CPU
		{761E76D7-88E4-4121-B717-DE88800FA1E1}.Debug|iPhoneSimulator.Deploy.0 = Debug|Any CPU
		{761E76D7-88E4-4121-B717-DE88800FA1E1}.Debug|x64.ActiveCfg = Debug|Any CPU
		{761E76D7-88E4-4121-B717-DE88800FA1E1}.Debug|x64.Build.0 = Debug|Any CPU
		{761E76D7-88E4-4121-B717-DE88800FA1E1}.Debug|x64.Deploy.0 = Debug|Any CPU
		{761E76D7-88E4-4121-B717-DE88800FA1E1}.Debug|x86.ActiveCfg = Debug|Any CPU
		{761E76D7-88E4-4121-B717-DE88800FA1E1}.Debug|x86.Build.0 = Debug|Any CPU
		{761E76D7-88E4-4121-B717-DE88800FA1E1}.Debug|x86.Deploy.0 = Debug|Any CPU
		{761E76D7-88E4-4121-B717-DE88800FA1E1}.Release|Any CPU.ActiveCfg = Release|Any CPU
		{761E76D7-88E4-4121-B717-DE88800FA1E1}.Release|Any CPU.Build.0 = Release|Any CPU
		{761E76D7-88E4-4121-B717-DE88800FA1E1}.Release|Any CPU.Deploy.0 = Release|Any CPU
		{761E76D7-88E4-4121-B717-DE88800FA1E1}.Release|ARM.ActiveCfg = Release|Any CPU
		{761E76D7-88E4-4121-B717-DE88800FA1E1}.Release|ARM.Build.0 = Release|Any CPU
		{761E76D7-88E4-4121-B717-DE88800FA1E1}.Release|ARM.Deploy.0 = Release|Any CPU
		{761E76D7-88E4-4121-B717-DE88800FA1E1}.Release|iPhone.ActiveCfg = Release|Any CPU
		{761E76D7-88E4-4121-B717-DE88800FA1E1}.Release|iPhone.Build.0 = Release|Any CPU
		{761E76D7-88E4-4121-B717-DE88800FA1E1}.Release|iPhone.Deploy.0 = Release|Any CPU
		{761E76D7-88E4-4121-B717-DE88800FA1E1}.Release|iPhoneSimulator.ActiveCfg = Release|Any CPU
		{761E76D7-88E4-4121-B717-DE88800FA1E1}.Release|iPhoneSimulator.Build.0 = Release|Any CPU
		{761E76D7-88E4-4121-B717-DE88800FA1E1}.Release|iPhoneSimulator.Deploy.0 = Release|Any CPU
		{761E76D7-88E4-4121-B717-DE88800FA1E1}.Release|x64.ActiveCfg = Release|Any CPU
		{761E76D7-88E4-4121-B717-DE88800FA1E1}.Release|x64.Build.0 = Release|Any CPU
		{761E76D7-88E4-4121-B717-DE88800FA1E1}.Release|x64.Deploy.0 = Release|Any CPU
		{761E76D7-88E4-4121-B717-DE88800FA1E1}.Release|x86.ActiveCfg = Release|Any CPU
		{761E76D7-88E4-4121-B717-DE88800FA1E1}.Release|x86.Build.0 = Release|Any CPU
		{761E76D7-88E4-4121-B717-DE88800FA1E1}.Release|x86.Deploy.0 = Release|Any CPU
	EndGlobalSection
	GlobalSection(SolutionProperties) = preSolution
		HideSolutionNode = FALSE
	EndGlobalSection
	GlobalSection(ExtensibilityGlobals) = postSolution
		SolutionGuid = {E52E933A-9547-4D37-9E9E-CAA85D670141}
	EndGlobalSection
EndGlobal
