
Microsoft Visual Studio Solution File, Format Version 12.00
# Visual Studio Version 16
VisualStudioVersion = 16.0.30011.22
MinimumVisualStudioVersion = 10.0.40219.1
Project("{FAE04EC0-301F-11D3-BF4B-00C04F79EFBC}") = "App11_Mimica.UWP", "App11_Mimica\App11_Mimica.UWP\App11_Mimica.UWP.csproj", "{644BD9F5-EE68-4203-9411-0FEED6A39717}"
EndProject
Project("{FAE04EC0-301F-11D3-BF4B-00C04F79EFBC}") = "App11_Mimica.Android", "App11_Mimica\App11_Mimica.Android\App11_Mimica.Android.csproj", "{1D74C721-DBA0-48B0-9467-818264F2DBA6}"
EndProject
Project("{FAE04EC0-301F-11D3-BF4B-00C04F79EFBC}") = "App11_Mimica", "App11_Mimica\App11_Mimica\App11_Mimica.csproj", "{6065477B-B27F-40A1-9624-07C1447316D9}"
EndProject
Global
	GlobalSection(SolutionConfigurationPlatforms) = preSolution
		Debug|Any CPU = Debug|Any CPU
		Debug|ARM = Debug|ARM
		Debug|x64 = Debug|x64
		Debug|x86 = Debug|x86
		Release|Any CPU = Release|Any CPU
		Release|ARM = Release|ARM
		Release|x64 = Release|x64
		Release|x86 = Release|x86
	EndGlobalSection
	GlobalSection(ProjectConfigurationPlatforms) = postSolution
		{644BD9F5-EE68-4203-9411-0FEED6A39717}.Debug|Any CPU.ActiveCfg = Debug|x86
		{644BD9F5-EE68-4203-9411-0FEED6A39717}.Debug|Any CPU.Build.0 = Debug|x86
		{644BD9F5-EE68-4203-9411-0FEED6A39717}.Debug|Any CPU.Deploy.0 = Debug|x86
		{644BD9F5-EE68-4203-9411-0FEED6A39717}.Debug|ARM.ActiveCfg = Debug|ARM
		{644BD9F5-EE68-4203-9411-0FEED6A39717}.Debug|ARM.Build.0 = Debug|ARM
		{644BD9F5-EE68-4203-9411-0FEED6A39717}.Debug|ARM.Deploy.0 = Debug|ARM
		{644BD9F5-EE68-4203-9411-0FEED6A39717}.Debug|x64.ActiveCfg = Debug|x64
		{644BD9F5-EE68-4203-9411-0FEED6A39717}.Debug|x64.Build.0 = Debug|x64
		{644BD9F5-EE68-4203-9411-0FEED6A39717}.Debug|x64.Deploy.0 = Debug|x64
		{644BD9F5-EE68-4203-9411-0FEED6A39717}.Debug|x86.ActiveCfg = Debug|x86
		{644BD9F5-EE68-4203-9411-0FEED6A39717}.Debug|x86.Build.0 = Debug|x86
		{644BD9F5-EE68-4203-9411-0FEED6A39717}.Debug|x86.Deploy.0 = Debug|x86
		{644BD9F5-EE68-4203-9411-0FEED6A39717}.Release|Any CPU.ActiveCfg = Release|x86
		{644BD9F5-EE68-4203-9411-0FEED6A39717}.Release|Any CPU.Build.0 = Release|x86
		{644BD9F5-EE68-4203-9411-0FEED6A39717}.Release|Any CPU.Deploy.0 = Release|x86
		{644BD9F5-EE68-4203-9411-0FEED6A39717}.Release|ARM.ActiveCfg = Release|ARM
		{644BD9F5-EE68-4203-9411-0FEED6A39717}.Release|ARM.Build.0 = Release|ARM
		{644BD9F5-EE68-4203-9411-0FEED6A39717}.Release|ARM.Deploy.0 = Release|ARM
		{644BD9F5-EE68-4203-9411-0FEED6A39717}.Release|x64.ActiveCfg = Release|x64
		{644BD9F5-EE68-4203-9411-0FEED6A39717}.Release|x64.Build.0 = Release|x64
		{644BD9F5-EE68-4203-9411-0FEED6A39717}.Release|x64.Deploy.0 = Release|x64
		{644BD9F5-EE68-4203-9411-0FEED6A39717}.Release|x86.ActiveCfg = Release|x86
		{644BD9F5-EE68-4203-9411-0FEED6A39717}.Release|x86.Build.0 = Release|x86
		{644BD9F5-EE68-4203-9411-0FEED6A39717}.Release|x86.Deploy.0 = Release|x86
		{1D74C721-DBA0-48B0-9467-818264F2DBA6}.Debug|Any CPU.ActiveCfg = Debug|Any CPU
		{1D74C721-DBA0-48B0-9467-818264F2DBA6}.Debug|Any CPU.Build.0 = Debug|Any CPU
		{1D74C721-DBA0-48B0-9467-818264F2DBA6}.Debug|Any CPU.Deploy.0 = Debug|Any CPU
		{1D74C721-DBA0-48B0-9467-818264F2DBA6}.Debug|ARM.ActiveCfg = Debug|Any CPU
		{1D74C721-DBA0-48B0-9467-818264F2DBA6}.Debug|ARM.Build.0 = Debug|Any CPU
		{1D74C721-DBA0-48B0-9467-818264F2DBA6}.Debug|ARM.Deploy.0 = Debug|Any CPU
		{1D74C721-DBA0-48B0-9467-818264F2DBA6}.Debug|x64.ActiveCfg = Debug|Any CPU
		{1D74C721-DBA0-48B0-9467-818264F2DBA6}.Debug|x64.Build.0 = Debug|Any CPU
		{1D74C721-DBA0-48B0-9467-818264F2DBA6}.Debug|x64.Deploy.0 = Debug|Any CPU
		{1D74C721-DBA0-48B0-9467-818264F2DBA6}.Debug|x86.ActiveCfg = Debug|Any CPU
		{1D74C721-DBA0-48B0-9467-818264F2DBA6}.Debug|x86.Build.0 = Debug|Any CPU
		{1D74C721-DBA0-48B0-9467-818264F2DBA6}.Debug|x86.Deploy.0 = Debug|Any CPU
		{1D74C721-DBA0-48B0-9467-818264F2DBA6}.Release|Any CPU.ActiveCfg = Release|Any CPU
		{1D74C721-DBA0-48B0-9467-818264F2DBA6}.Release|Any CPU.Build.0 = Release|Any CPU
		{1D74C721-DBA0-48B0-9467-818264F2DBA6}.Release|Any CPU.Deploy.0 = Release|Any CPU
		{1D74C721-DBA0-48B0-9467-818264F2DBA6}.Release|ARM.ActiveCfg = Release|Any CPU
		{1D74C721-DBA0-48B0-9467-818264F2DBA6}.Release|ARM.Build.0 = Release|Any CPU
		{1D74C721-DBA0-48B0-9467-818264F2DBA6}.Release|ARM.Deploy.0 = Release|Any CPU
		{1D74C721-DBA0-48B0-9467-818264F2DBA6}.Release|x64.ActiveCfg = Release|Any CPU
		{1D74C721-DBA0-48B0-9467-818264F2DBA6}.Release|x64.Build.0 = Release|Any CPU
		{1D74C721-DBA0-48B0-9467-818264F2DBA6}.Release|x64.Deploy.0 = Release|Any CPU
		{1D74C721-DBA0-48B0-9467-818264F2DBA6}.Release|x86.ActiveCfg = Release|Any CPU
		{1D74C721-DBA0-48B0-9467-818264F2DBA6}.Release|x86.Build.0 = Release|Any CPU
		{1D74C721-DBA0-48B0-9467-818264F2DBA6}.Release|x86.Deploy.0 = Release|Any CPU
		{6065477B-B27F-40A1-9624-07C1447316D9}.Debug|Any CPU.ActiveCfg = Debug|Any CPU
		{6065477B-B27F-40A1-9624-07C1447316D9}.Debug|Any CPU.Build.0 = Debug|Any CPU
		{6065477B-B27F-40A1-9624-07C1447316D9}.Debug|Any CPU.Deploy.0 = Debug|Any CPU
		{6065477B-B27F-40A1-9624-07C1447316D9}.Debug|ARM.ActiveCfg = Debug|Any CPU
		{6065477B-B27F-40A1-9624-07C1447316D9}.Debug|ARM.Build.0 = Debug|Any CPU
		{6065477B-B27F-40A1-9624-07C1447316D9}.Debug|ARM.Deploy.0 = Debug|Any CPU
		{6065477B-B27F-40A1-9624-07C1447316D9}.Debug|x64.ActiveCfg = Debug|Any CPU
		{6065477B-B27F-40A1-9624-07C1447316D9}.Debug|x64.Build.0 = Debug|Any CPU
		{6065477B-B27F-40A1-9624-07C1447316D9}.Debug|x64.Deploy.0 = Debug|Any CPU
		{6065477B-B27F-40A1-9624-07C1447316D9}.Debug|x86.ActiveCfg = Debug|Any CPU
		{6065477B-B27F-40A1-9624-07C1447316D9}.Debug|x86.Build.0 = Debug|Any CPU
		{6065477B-B27F-40A1-9624-07C1447316D9}.Debug|x86.Deploy.0 = Debug|Any CPU
		{6065477B-B27F-40A1-9624-07C1447316D9}.Release|Any CPU.ActiveCfg = Release|Any CPU
		{6065477B-B27F-40A1-9624-07C1447316D9}.Release|Any CPU.Build.0 = Release|Any CPU
		{6065477B-B27F-40A1-9624-07C1447316D9}.Release|Any CPU.Deploy.0 = Release|Any CPU
		{6065477B-B27F-40A1-9624-07C1447316D9}.Release|ARM.ActiveCfg = Release|Any CPU
		{6065477B-B27F-40A1-9624-07C1447316D9}.Release|ARM.Build.0 = Release|Any CPU
		{6065477B-B27F-40A1-9624-07C1447316D9}.Release|ARM.Deploy.0 = Release|Any CPU
		{6065477B-B27F-40A1-9624-07C1447316D9}.Release|x64.ActiveCfg = Release|Any CPU
		{6065477B-B27F-40A1-9624-07C1447316D9}.Release|x64.Build.0 = Release|Any CPU
		{6065477B-B27F-40A1-9624-07C1447316D9}.Release|x64.Deploy.0 = Release|Any CPU
		{6065477B-B27F-40A1-9624-07C1447316D9}.Release|x86.ActiveCfg = Release|Any CPU
		{6065477B-B27F-40A1-9624-07C1447316D9}.Release|x86.Build.0 = Release|Any CPU
		{6065477B-B27F-40A1-9624-07C1447316D9}.Release|x86.Deploy.0 = Release|Any CPU
	EndGlobalSection
	GlobalSection(SolutionProperties) = preSolution
		HideSolutionNode = FALSE
	EndGlobalSection
	GlobalSection(ExtensibilityGlobals) = postSolution
		SolutionGuid = {0FD97CC1-0D58-4992-B4BB-FAA47AD2085E}
	EndGlobalSection
EndGlobal
