
Microsoft Visual Studio Solution File, Format Version 12.00
# Visual Studio Version 16
VisualStudioVersion = 16.0.30011.22
MinimumVisualStudioVersion = 10.0.40219.1
Project("{FAE04EC0-301F-11D3-BF4B-00C04F79EFBC}") = "App06_Tarefa.UWP", "App06_Tarefa\App06_Tarefa.UWP\App06_Tarefa.UWP.csproj", "{EBC85AD1-BFBE-4CE7-BA12-A04DE3731A86}"
EndProject
Project("{FAE04EC0-301F-11D3-BF4B-00C04F79EFBC}") = "App06_Tarefa.Android", "App06_Tarefa\App06_Tarefa.Android\App06_Tarefa.Android.csproj", "{ED882EE5-5259-4ED5-B5F0-C54626C96B5C}"
EndProject
Project("{FAE04EC0-301F-11D3-BF4B-00C04F79EFBC}") = "App06_Tarefa", "App06_Tarefa\App06_Tarefa\App06_Tarefa.csproj", "{44CDF5B9-02FA-4262-9381-D09C405B26E2}"
EndProject
Global
	GlobalSection(SolutionConfigurationPlatforms) = preSolution
		Debug|Any CPU = Debug|Any CPU
		Debug|ARM = Debug|ARM
		Debug|x64 = Debug|x64
		Debug|x86 = Debug|x86
		Release|Any CPU = Release|Any CPU
		Release|ARM = Release|ARM
		Release|x64 = Release|x64
		Release|x86 = Release|x86
	EndGlobalSection
	GlobalSection(ProjectConfigurationPlatforms) = postSolution
		{EBC85AD1-BFBE-4CE7-BA12-A04DE3731A86}.Debug|Any CPU.ActiveCfg = Debug|x86
		{EBC85AD1-BFBE-4CE7-BA12-A04DE3731A86}.Debug|Any CPU.Build.0 = Debug|x86
		{EBC85AD1-BFBE-4CE7-BA12-A04DE3731A86}.Debug|Any CPU.Deploy.0 = Debug|x86
		{EBC85AD1-BFBE-4CE7-BA12-A04DE3731A86}.Debug|ARM.ActiveCfg = Debug|ARM
		{EBC85AD1-BFBE-4CE7-BA12-A04DE3731A86}.Debug|ARM.Build.0 = Debug|ARM
		{EBC85AD1-BFBE-4CE7-BA12-A04DE3731A86}.Debug|ARM.Deploy.0 = Debug|ARM
		{EBC85AD1-BFBE-4CE7-BA12-A04DE3731A86}.Debug|x64.ActiveCfg = Debug|x64
		{EBC85AD1-BFBE-4CE7-BA12-A04DE3731A86}.Debug|x64.Build.0 = Debug|x64
		{EBC85AD1-BFBE-4CE7-BA12-A04DE3731A86}.Debug|x64.Deploy.0 = Debug|x64
		{EBC85AD1-BFBE-4CE7-BA12-A04DE3731A86}.Debug|x86.ActiveCfg = Debug|x86
		{EBC85AD1-BFBE-4CE7-BA12-A04DE3731A86}.Debug|x86.Build.0 = Debug|x86
		{EBC85AD1-BFBE-4CE7-BA12-A04DE3731A86}.Debug|x86.Deploy.0 = Debug|x86
		{EBC85AD1-BFBE-4CE7-BA12-A04DE3731A86}.Release|Any CPU.ActiveCfg = Release|x86
		{EBC85AD1-BFBE-4CE7-BA12-A04DE3731A86}.Release|Any CPU.Build.0 = Release|x86
		{EBC85AD1-BFBE-4CE7-BA12-A04DE3731A86}.Release|Any CPU.Deploy.0 = Release|x86
		{EBC85AD1-BFBE-4CE7-BA12-A04DE3731A86}.Release|ARM.ActiveCfg = Release|ARM
		{EBC85AD1-BFBE-4CE7-BA12-A04DE3731A86}.Release|ARM.Build.0 = Release|ARM
		{EBC85AD1-BFBE-4CE7-BA12-A04DE3731A86}.Release|ARM.Deploy.0 = Release|ARM
		{EBC85AD1-BFBE-4CE7-BA12-A04DE3731A86}.Release|x64.ActiveCfg = Release|x64
		{EBC85AD1-BFBE-4CE7-BA12-A04DE3731A86}.Release|x64.Build.0 = Release|x64
		{EBC85AD1-BFBE-4CE7-BA12-A04DE3731A86}.Release|x64.Deploy.0 = Release|x64
		{EBC85AD1-BFBE-4CE7-BA12-A04DE3731A86}.Release|x86.ActiveCfg = Release|x86
		{EBC85AD1-BFBE-4CE7-BA12-A04DE3731A86}.Release|x86.Build.0 = Release|x86
		{EBC85AD1-BFBE-4CE7-BA12-A04DE3731A86}.Release|x86.Deploy.0 = Release|x86
		{ED882EE5-5259-4ED5-B5F0-C54626C96B5C}.Debug|Any CPU.ActiveCfg = Debug|Any CPU
		{ED882EE5-5259-4ED5-B5F0-C54626C96B5C}.Debug|Any CPU.Build.0 = Debug|Any CPU
		{ED882EE5-5259-4ED5-B5F0-C54626C96B5C}.Debug|Any CPU.Deploy.0 = Debug|Any CPU
		{ED882EE5-5259-4ED5-B5F0-C54626C96B5C}.Debug|ARM.ActiveCfg = Debug|Any CPU
		{ED882EE5-5259-4ED5-B5F0-C54626C96B5C}.Debug|ARM.Build.0 = Debug|Any CPU
		{ED882EE5-5259-4ED5-B5F0-C54626C96B5C}.Debug|ARM.Deploy.0 = Debug|Any CPU
		{ED882EE5-5259-4ED5-B5F0-C54626C96B5C}.Debug|x64.ActiveCfg = Debug|Any CPU
		{ED882EE5-5259-4ED5-B5F0-C54626C96B5C}.Debug|x64.Build.0 = Debug|Any CPU
		{ED882EE5-5259-4ED5-B5F0-C54626C96B5C}.Debug|x64.Deploy.0 = Debug|Any CPU
		{ED882EE5-5259-4ED5-B5F0-C54626C96B5C}.Debug|x86.ActiveCfg = Debug|Any CPU
		{ED882EE5-5259-4ED5-B5F0-C54626C96B5C}.Debug|x86.Build.0 = Debug|Any CPU
		{ED882EE5-5259-4ED5-B5F0-C54626C96B5C}.Debug|x86.Deploy.0 = Debug|Any CPU
		{ED882EE5-5259-4ED5-B5F0-C54626C96B5C}.Release|Any CPU.ActiveCfg = Release|Any CPU
		{ED882EE5-5259-4ED5-B5F0-C54626C96B5C}.Release|Any CPU.Build.0 = Release|Any CPU
		{ED882EE5-5259-4ED5-B5F0-C54626C96B5C}.Release|Any CPU.Deploy.0 = Release|Any CPU
		{ED882EE5-5259-4ED5-B5F0-C54626C96B5C}.Release|ARM.ActiveCfg = Release|Any CPU
		{ED882EE5-5259-4ED5-B5F0-C54626C96B5C}.Release|ARM.Build.0 = Release|Any CPU
		{ED882EE5-5259-4ED5-B5F0-C54626C96B5C}.Release|ARM.Deploy.0 = Release|Any CPU
		{ED882EE5-5259-4ED5-B5F0-C54626C96B5C}.Release|x64.ActiveCfg = Release|Any CPU
		{ED882EE5-5259-4ED5-B5F0-C54626C96B5C}.Release|x64.Build.0 = Release|Any CPU
		{ED882EE5-5259-4ED5-B5F0-C54626C96B5C}.Release|x64.Deploy.0 = Release|Any CPU
		{ED882EE5-5259-4ED5-B5F0-C54626C96B5C}.Release|x86.ActiveCfg = Release|Any CPU
		{ED882EE5-5259-4ED5-B5F0-C54626C96B5C}.Release|x86.Build.0 = Release|Any CPU
		{ED882EE5-5259-4ED5-B5F0-C54626C96B5C}.Release|x86.Deploy.0 = Release|Any CPU
		{44CDF5B9-02FA-4262-9381-D09C405B26E2}.Debug|Any CPU.ActiveCfg = Debug|Any CPU
		{44CDF5B9-02FA-4262-9381-D09C405B26E2}.Debug|Any CPU.Build.0 = Debug|Any CPU
		{44CDF5B9-02FA-4262-9381-D09C405B26E2}.Debug|Any CPU.Deploy.0 = Debug|Any CPU
		{44CDF5B9-02FA-4262-9381-D09C405B26E2}.Debug|ARM.ActiveCfg = Debug|Any CPU
		{44CDF5B9-02FA-4262-9381-D09C405B26E2}.Debug|ARM.Build.0 = Debug|Any CPU
		{44CDF5B9-02FA-4262-9381-D09C405B26E2}.Debug|ARM.Deploy.0 = Debug|Any CPU
		{44CDF5B9-02FA-4262-9381-D09C405B26E2}.Debug|x64.ActiveCfg = Debug|Any CPU
		{44CDF5B9-02FA-4262-9381-D09C405B26E2}.Debug|x64.Build.0 = Debug|Any CPU
		{44CDF5B9-02FA-4262-9381-D09C405B26E2}.Debug|x64.Deploy.0 = Debug|Any CPU
		{44CDF5B9-02FA-4262-9381-D09C405B26E2}.Debug|x86.ActiveCfg = Debug|Any CPU
		{44CDF5B9-02FA-4262-9381-D09C405B26E2}.Debug|x86.Build.0 = Debug|Any CPU
		{44CDF5B9-02FA-4262-9381-D09C405B26E2}.Debug|x86.Deploy.0 = Debug|Any CPU
		{44CDF5B9-02FA-4262-9381-D09C405B26E2}.Release|Any CPU.ActiveCfg = Release|Any CPU
		{44CDF5B9-02FA-4262-9381-D09C405B26E2}.Release|Any CPU.Build.0 = Release|Any CPU
		{44CDF5B9-02FA-4262-9381-D09C405B26E2}.Release|Any CPU.Deploy.0 = Release|Any CPU
		{44CDF5B9-02FA-4262-9381-D09C405B26E2}.Release|ARM.ActiveCfg = Release|Any CPU
		{44CDF5B9-02FA-4262-9381-D09C405B26E2}.Release|ARM.Build.0 = Release|Any CPU
		{44CDF5B9-02FA-4262-9381-D09C405B26E2}.Release|ARM.Deploy.0 = Release|Any CPU
		{44CDF5B9-02FA-4262-9381-D09C405B26E2}.Release|x64.ActiveCfg = Release|Any CPU
		{44CDF5B9-02FA-4262-9381-D09C405B26E2}.Release|x64.Build.0 = Release|Any CPU
		{44CDF5B9-02FA-4262-9381-D09C405B26E2}.Release|x64.Deploy.0 = Release|Any CPU
		{44CDF5B9-02FA-4262-9381-D09C405B26E2}.Release|x86.ActiveCfg = Release|Any CPU
		{44CDF5B9-02FA-4262-9381-D09C405B26E2}.Release|x86.Build.0 = Release|Any CPU
		{44CDF5B9-02FA-4262-9381-D09C405B26E2}.Release|x86.Deploy.0 = Release|Any CPU
	EndGlobalSection
	GlobalSection(SolutionProperties) = preSolution
		HideSolutionNode = FALSE
	EndGlobalSection
	GlobalSection(ExtensibilityGlobals) = postSolution
		SolutionGuid = {EB723FD4-9BE0-4F6F-9B49-1175AB4CB456}
	EndGlobalSection
EndGlobal
