
Microsoft Visual Studio Solution File, Format Version 12.00
# Visual Studio Version 16
VisualStudioVersion = 16.0.30011.22
MinimumVisualStudioVersion = 10.0.40219.1
Project("{FAE04EC0-301F-11D3-BF4B-00C04F79EFBC}") = "App12_NossoChat.UWP", "App12_NossoChat\App12_NossoChat.UWP\App12_NossoChat.UWP.csproj", "{8BD50783-B9CD-446F-BA60-7901F03A37FF}"
EndProject
Project("{FAE04EC0-301F-11D3-BF4B-00C04F79EFBC}") = "App12_NossoChat.Android", "App12_NossoChat\App12_NossoChat.Android\App12_NossoChat.Android.csproj", "{5E9117C0-3147-4926-86DB-5B85ECA85FCC}"
EndProject
Project("{FAE04EC0-301F-11D3-BF4B-00C04F79EFBC}") = "App12_NossoChat", "App12_NossoChat\App12_NossoChat\App12_NossoChat.csproj", "{75E7127B-1F6F-4AB1-B4AB-0BD1EFE37675}"
EndProject
Global
	GlobalSection(SolutionConfigurationPlatforms) = preSolution
		Debug|Any CPU = Debug|Any CPU
		Debug|ARM = Debug|ARM
		Debug|x64 = Debug|x64
		Debug|x86 = Debug|x86
		Release|Any CPU = Release|Any CPU
		Release|ARM = Release|ARM
		Release|x64 = Release|x64
		Release|x86 = Release|x86
	EndGlobalSection
	GlobalSection(ProjectConfigurationPlatforms) = postSolution
		{8BD50783-B9CD-446F-BA60-7901F03A37FF}.Debug|Any CPU.ActiveCfg = Debug|x86
		{8BD50783-B9CD-446F-BA60-7901F03A37FF}.Debug|Any CPU.Build.0 = Debug|x86
		{8BD50783-B9CD-446F-BA60-7901F03A37FF}.Debug|Any CPU.Deploy.0 = Debug|x86
		{8BD50783-B9CD-446F-BA60-7901F03A37FF}.Debug|ARM.ActiveCfg = Debug|ARM
		{8BD50783-B9CD-446F-BA60-7901F03A37FF}.Debug|ARM.Build.0 = Debug|ARM
		{8BD50783-B9CD-446F-BA60-7901F03A37FF}.Debug|ARM.Deploy.0 = Debug|ARM
		{8BD50783-B9CD-446F-BA60-7901F03A37FF}.Debug|x64.ActiveCfg = Debug|x64
		{8BD50783-B9CD-446F-BA60-7901F03A37FF}.Debug|x64.Build.0 = Debug|x64
		{8BD50783-B9CD-446F-BA60-7901F03A37FF}.Debug|x64.Deploy.0 = Debug|x64
		{8BD50783-B9CD-446F-BA60-7901F03A37FF}.Debug|x86.ActiveCfg = Debug|x86
		{8BD50783-B9CD-446F-BA60-7901F03A37FF}.Debug|x86.Build.0 = Debug|x86
		{8BD50783-B9CD-446F-BA60-7901F03A37FF}.Debug|x86.Deploy.0 = Debug|x86
		{8BD50783-B9CD-446F-BA60-7901F03A37FF}.Release|Any CPU.ActiveCfg = Release|x86
		{8BD50783-B9CD-446F-BA60-7901F03A37FF}.Release|Any CPU.Build.0 = Release|x86
		{8BD50783-B9CD-446F-BA60-7901F03A37FF}.Release|Any CPU.Deploy.0 = Release|x86
		{8BD50783-B9CD-446F-BA60-7901F03A37FF}.Release|ARM.ActiveCfg = Release|ARM
		{8BD50783-B9CD-446F-BA60-7901F03A37FF}.Release|ARM.Build.0 = Release|ARM
		{8BD50783-B9CD-446F-BA60-7901F03A37FF}.Release|ARM.Deploy.0 = Release|ARM
		{8BD50783-B9CD-446F-BA60-7901F03A37FF}.Release|x64.ActiveCfg = Release|x64
		{8BD50783-B9CD-446F-BA60-7901F03A37FF}.Release|x64.Build.0 = Release|x64
		{8BD50783-B9CD-446F-BA60-7901F03A37FF}.Release|x64.Deploy.0 = Release|x64
		{8BD50783-B9CD-446F-BA60-7901F03A37FF}.Release|x86.ActiveCfg = Release|x86
		{8BD50783-B9CD-446F-BA60-7901F03A37FF}.Release|x86.Build.0 = Release|x86
		{8BD50783-B9CD-446F-BA60-7901F03A37FF}.Release|x86.Deploy.0 = Release|x86
		{5E9117C0-3147-4926-86DB-5B85ECA85FCC}.Debug|Any CPU.ActiveCfg = Debug|Any CPU
		{5E9117C0-3147-4926-86DB-5B85ECA85FCC}.Debug|Any CPU.Build.0 = Debug|Any CPU
		{5E9117C0-3147-4926-86DB-5B85ECA85FCC}.Debug|Any CPU.Deploy.0 = Debug|Any CPU
		{5E9117C0-3147-4926-86DB-5B85ECA85FCC}.Debug|ARM.ActiveCfg = Debug|Any CPU
		{5E9117C0-3147-4926-86DB-5B85ECA85FCC}.Debug|ARM.Build.0 = Debug|Any CPU
		{5E9117C0-3147-4926-86DB-5B85ECA85FCC}.Debug|ARM.Deploy.0 = Debug|Any CPU
		{5E9117C0-3147-4926-86DB-5B85ECA85FCC}.Debug|x64.ActiveCfg = Debug|Any CPU
		{5E9117C0-3147-4926-86DB-5B85ECA85FCC}.Debug|x64.Build.0 = Debug|Any CPU
		{5E9117C0-3147-4926-86DB-5B85ECA85FCC}.Debug|x64.Deploy.0 = Debug|Any CPU
		{5E9117C0-3147-4926-86DB-5B85ECA85FCC}.Debug|x86.ActiveCfg = Debug|Any CPU
		{5E9117C0-3147-4926-86DB-5B85ECA85FCC}.Debug|x86.Build.0 = Debug|Any CPU
		{5E9117C0-3147-4926-86DB-5B85ECA85FCC}.Debug|x86.Deploy.0 = Debug|Any CPU
		{5E9117C0-3147-4926-86DB-5B85ECA85FCC}.Release|Any CPU.ActiveCfg = Release|Any CPU
		{5E9117C0-3147-4926-86DB-5B85ECA85FCC}.Release|Any CPU.Build.0 = Release|Any CPU
		{5E9117C0-3147-4926-86DB-5B85ECA85FCC}.Release|Any CPU.Deploy.0 = Release|Any CPU
		{5E9117C0-3147-4926-86DB-5B85ECA85FCC}.Release|ARM.ActiveCfg = Release|Any CPU
		{5E9117C0-3147-4926-86DB-5B85ECA85FCC}.Release|ARM.Build.0 = Release|Any CPU
		{5E9117C0-3147-4926-86DB-5B85ECA85FCC}.Release|ARM.Deploy.0 = Release|Any CPU
		{5E9117C0-3147-4926-86DB-5B85ECA85FCC}.Release|x64.ActiveCfg = Release|Any CPU
		{5E9117C0-3147-4926-86DB-5B85ECA85FCC}.Release|x64.Build.0 = Release|Any CPU
		{5E9117C0-3147-4926-86DB-5B85ECA85FCC}.Release|x64.Deploy.0 = Release|Any CPU
		{5E9117C0-3147-4926-86DB-5B85ECA85FCC}.Release|x86.ActiveCfg = Release|Any CPU
		{5E9117C0-3147-4926-86DB-5B85ECA85FCC}.Release|x86.Build.0 = Release|Any CPU
		{5E9117C0-3147-4926-86DB-5B85ECA85FCC}.Release|x86.Deploy.0 = Release|Any CPU
		{75E7127B-1F6F-4AB1-B4AB-0BD1EFE37675}.Debug|Any CPU.ActiveCfg = Debug|Any CPU
		{75E7127B-1F6F-4AB1-B4AB-0BD1EFE37675}.Debug|Any CPU.Build.0 = Debug|Any CPU
		{75E7127B-1F6F-4AB1-B4AB-0BD1EFE37675}.Debug|Any CPU.Deploy.0 = Debug|Any CPU
		{75E7127B-1F6F-4AB1-B4AB-0BD1EFE37675}.Debug|ARM.ActiveCfg = Debug|Any CPU
		{75E7127B-1F6F-4AB1-B4AB-0BD1EFE37675}.Debug|ARM.Build.0 = Debug|Any CPU
		{75E7127B-1F6F-4AB1-B4AB-0BD1EFE37675}.Debug|ARM.Deploy.0 = Debug|Any CPU
		{75E7127B-1F6F-4AB1-B4AB-0BD1EFE37675}.Debug|x64.ActiveCfg = Debug|Any CPU
		{75E7127B-1F6F-4AB1-B4AB-0BD1EFE37675}.Debug|x64.Build.0 = Debug|Any CPU
		{75E7127B-1F6F-4AB1-B4AB-0BD1EFE37675}.Debug|x64.Deploy.0 = Debug|Any CPU
		{75E7127B-1F6F-4AB1-B4AB-0BD1EFE37675}.Debug|x86.ActiveCfg = Debug|Any CPU
		{75E7127B-1F6F-4AB1-B4AB-0BD1EFE37675}.Debug|x86.Build.0 = Debug|Any CPU
		{75E7127B-1F6F-4AB1-B4AB-0BD1EFE37675}.Debug|x86.Deploy.0 = Debug|Any CPU
		{75E7127B-1F6F-4AB1-B4AB-0BD1EFE37675}.Release|Any CPU.ActiveCfg = Release|Any CPU
		{75E7127B-1F6F-4AB1-B4AB-0BD1EFE37675}.Release|Any CPU.Build.0 = Release|Any CPU
		{75E7127B-1F6F-4AB1-B4AB-0BD1EFE37675}.Release|Any CPU.Deploy.0 = Release|Any CPU
		{75E7127B-1F6F-4AB1-B4AB-0BD1EFE37675}.Release|ARM.ActiveCfg = Release|Any CPU
		{75E7127B-1F6F-4AB1-B4AB-0BD1EFE37675}.Release|ARM.Build.0 = Release|Any CPU
		{75E7127B-1F6F-4AB1-B4AB-0BD1EFE37675}.Release|ARM.Deploy.0 = Release|Any CPU
		{75E7127B-1F6F-4AB1-B4AB-0BD1EFE37675}.Release|x64.ActiveCfg = Release|Any CPU
		{75E7127B-1F6F-4AB1-B4AB-0BD1EFE37675}.Release|x64.Build.0 = Release|Any CPU
		{75E7127B-1F6F-4AB1-B4AB-0BD1EFE37675}.Release|x64.Deploy.0 = Release|Any CPU
		{75E7127B-1F6F-4AB1-B4AB-0BD1EFE37675}.Release|x86.ActiveCfg = Release|Any CPU
		{75E7127B-1F6F-4AB1-B4AB-0BD1EFE37675}.Release|x86.Build.0 = Release|Any CPU
		{75E7127B-1F6F-4AB1-B4AB-0BD1EFE37675}.Release|x86.Deploy.0 = Release|Any CPU
	EndGlobalSection
	GlobalSection(SolutionProperties) = preSolution
		HideSolutionNode = FALSE
	EndGlobalSection
	GlobalSection(ExtensibilityGlobals) = postSolution
		SolutionGuid = {5FCEE69B-D197-4AE1-8A91-3165AB9005DE}
	EndGlobalSection
EndGlobal
