
Microsoft Visual Studio Solution File, Format Version 12.00
# Visual Studio Version 16
VisualStudioVersion = 16.0.30011.22
MinimumVisualStudioVersion = 10.0.40219.1
Project("{FAE04EC0-301F-11D3-BF4B-00C04F79EFBC}") = "App09.UWP", "App09\App09.UWP\App09.UWP.csproj", "{FBA981B7-37F1-4401-A435-DDEE21A8CB32}"
EndProject
Project("{FAE04EC0-301F-11D3-BF4B-00C04F79EFBC}") = "App09.Android", "App09\App09.Android\App09.Android.csproj", "{75BD3BD6-F3C5-4599-B4ED-FC43936D856C}"
EndProject
Project("{FAE04EC0-301F-11D3-BF4B-00C04F79EFBC}") = "App09.iOS", "App09\App09.iOS\App09.iOS.csproj", "{E62C02B3-EABC-4636-8B4D-E907C6FC3C9D}"
EndProject
Project("{FAE04EC0-301F-11D3-BF4B-00C04F79EFBC}") = "App09", "App09\App09\App09.csproj", "{3EFA5FB5-A796-4557-AE5E-D76952D1B995}"
EndProject
Global
	GlobalSection(SolutionConfigurationPlatforms) = preSolution
		Debug|Any CPU = Debug|Any CPU
		Debug|ARM = Debug|ARM
		Debug|iPhone = Debug|iPhone
		Debug|iPhoneSimulator = Debug|iPhoneSimulator
		Debug|x64 = Debug|x64
		Debug|x86 = Debug|x86
		Release|Any CPU = Release|Any CPU
		Release|ARM = Release|ARM
		Release|iPhone = Release|iPhone
		Release|iPhoneSimulator = Release|iPhoneSimulator
		Release|x64 = Release|x64
		Release|x86 = Release|x86
	EndGlobalSection
	GlobalSection(ProjectConfigurationPlatforms) = postSolution
		{FBA981B7-37F1-4401-A435-DDEE21A8CB32}.Debug|Any CPU.ActiveCfg = Debug|x86
		{FBA981B7-37F1-4401-A435-DDEE21A8CB32}.Debug|Any CPU.Build.0 = Debug|x86
		{FBA981B7-37F1-4401-A435-DDEE21A8CB32}.Debug|Any CPU.Deploy.0 = Debug|x86
		{FBA981B7-37F1-4401-A435-DDEE21A8CB32}.Debug|ARM.ActiveCfg = Debug|ARM
		{FBA981B7-37F1-4401-A435-DDEE21A8CB32}.Debug|ARM.Build.0 = Debug|ARM
		{FBA981B7-37F1-4401-A435-DDEE21A8CB32}.Debug|ARM.Deploy.0 = Debug|ARM
		{FBA981B7-37F1-4401-A435-DDEE21A8CB32}.Debug|iPhone.ActiveCfg = Debug|x86
		{FBA981B7-37F1-4401-A435-DDEE21A8CB32}.Debug|iPhone.Build.0 = Debug|x86
		{FBA981B7-37F1-4401-A435-DDEE21A8CB32}.Debug|iPhone.Deploy.0 = Debug|x86
		{FBA981B7-37F1-4401-A435-DDEE21A8CB32}.Debug|iPhoneSimulator.ActiveCfg = Debug|x86
		{FBA981B7-37F1-4401-A435-DDEE21A8CB32}.Debug|iPhoneSimulator.Build.0 = Debug|x86
		{FBA981B7-37F1-4401-A435-DDEE21A8CB32}.Debug|iPhoneSimulator.Deploy.0 = Debug|x86
		{FBA981B7-37F1-4401-A435-DDEE21A8CB32}.Debug|x64.ActiveCfg = Debug|x64
		{FBA981B7-37F1-4401-A435-DDEE21A8CB32}.Debug|x64.Build.0 = Debug|x64
		{FBA981B7-37F1-4401-A435-DDEE21A8CB32}.Debug|x64.Deploy.0 = Debug|x64
		{FBA981B7-37F1-4401-A435-DDEE21A8CB32}.Debug|x86.ActiveCfg = Debug|x86
		{FBA981B7-37F1-4401-A435-DDEE21A8CB32}.Debug|x86.Build.0 = Debug|x86
		{FBA981B7-37F1-4401-A435-DDEE21A8CB32}.Debug|x86.Deploy.0 = Debug|x86
		{FBA981B7-37F1-4401-A435-DDEE21A8CB32}.Release|Any CPU.ActiveCfg = Release|x86
		{FBA981B7-37F1-4401-A435-DDEE21A8CB32}.Release|Any CPU.Build.0 = Release|x86
		{FBA981B7-37F1-4401-A435-DDEE21A8CB32}.Release|Any CPU.Deploy.0 = Release|x86
		{FBA981B7-37F1-4401-A435-DDEE21A8CB32}.Release|ARM.ActiveCfg = Release|ARM
		{FBA981B7-37F1-4401-A435-DDEE21A8CB32}.Release|ARM.Build.0 = Release|ARM
		{FBA981B7-37F1-4401-A435-DDEE21A8CB32}.Release|ARM.Deploy.0 = Release|ARM
		{FBA981B7-37F1-4401-A435-DDEE21A8CB32}.Release|iPhone.ActiveCfg = Release|x86
		{FBA981B7-37F1-4401-A435-DDEE21A8CB32}.Release|iPhone.Build.0 = Release|x86
		{FBA981B7-37F1-4401-A435-DDEE21A8CB32}.Release|iPhone.Deploy.0 = Release|x86
		{FBA981B7-37F1-4401-A435-DDEE21A8CB32}.Release|iPhoneSimulator.ActiveCfg = Release|x86
		{FBA981B7-37F1-4401-A435-DDEE21A8CB32}.Release|iPhoneSimulator.Build.0 = Release|x86
		{FBA981B7-37F1-4401-A435-DDEE21A8CB32}.Release|iPhoneSimulator.Deploy.0 = Release|x86
		{FBA981B7-37F1-4401-A435-DDEE21A8CB32}.Release|x64.ActiveCfg = Release|x64
		{FBA981B7-37F1-4401-A435-DDEE21A8CB32}.Release|x64.Build.0 = Release|x64
		{FBA981B7-37F1-4401-A435-DDEE21A8CB32}.Release|x64.Deploy.0 = Release|x64
		{FBA981B7-37F1-4401-A435-DDEE21A8CB32}.Release|x86.ActiveCfg = Release|x86
		{FBA981B7-37F1-4401-A435-DDEE21A8CB32}.Release|x86.Build.0 = Release|x86
		{FBA981B7-37F1-4401-A435-DDEE21A8CB32}.Release|x86.Deploy.0 = Release|x86
		{75BD3BD6-F3C5-4599-B4ED-FC43936D856C}.Debug|Any CPU.ActiveCfg = Debug|Any CPU
		{75BD3BD6-F3C5-4599-B4ED-FC43936D856C}.Debug|Any CPU.Build.0 = Debug|Any CPU
		{75BD3BD6-F3C5-4599-B4ED-FC43936D856C}.Debug|Any CPU.Deploy.0 = Debug|Any CPU
		{75BD3BD6-F3C5-4599-B4ED-FC43936D856C}.Debug|ARM.ActiveCfg = Debug|Any CPU
		{75BD3BD6-F3C5-4599-B4ED-FC43936D856C}.Debug|ARM.Build.0 = Debug|Any CPU
		{75BD3BD6-F3C5-4599-B4ED-FC43936D856C}.Debug|ARM.Deploy.0 = Debug|Any CPU
		{75BD3BD6-F3C5-4599-B4ED-FC43936D856C}.Debug|iPhone.ActiveCfg = Debug|Any CPU
		{75BD3BD6-F3C5-4599-B4ED-FC43936D856C}.Debug|iPhone.Build.0 = Debug|Any CPU
		{75BD3BD6-F3C5-4599-B4ED-FC43936D856C}.Debug|iPhone.Deploy.0 = Debug|Any CPU
		{75BD3BD6-F3C5-4599-B4ED-FC43936D856C}.Debug|iPhoneSimulator.ActiveCfg = Debug|Any CPU
		{75BD3BD6-F3C5-4599-B4ED-FC43936D856C}.Debug|iPhoneSimulator.Build.0 = Debug|Any CPU
		{75BD3BD6-F3C5-4599-B4ED-FC43936D856C}.Debug|iPhoneSimulator.Deploy.0 = Debug|Any CPU
		{75BD3BD6-F3C5-4599-B4ED-FC43936D856C}.Debug|x64.ActiveCfg = Debug|Any CPU
		{75BD3BD6-F3C5-4599-B4ED-FC43936D856C}.Debug|x64.Build.0 = Debug|Any CPU
		{75BD3BD6-F3C5-4599-B4ED-FC43936D856C}.Debug|x64.Deploy.0 = Debug|Any CPU
		{75BD3BD6-F3C5-4599-B4ED-FC43936D856C}.Debug|x86.ActiveCfg = Debug|Any CPU
		{75BD3BD6-F3C5-4599-B4ED-FC43936D856C}.Debug|x86.Build.0 = Debug|Any CPU
		{75BD3BD6-F3C5-4599-B4ED-FC43936D856C}.Debug|x86.Deploy.0 = Debug|Any CPU
		{75BD3BD6-F3C5-4599-B4ED-FC43936D856C}.Release|Any CPU.ActiveCfg = Release|Any CPU
		{75BD3BD6-F3C5-4599-B4ED-FC43936D856C}.Release|Any CPU.Build.0 = Release|Any CPU
		{75BD3BD6-F3C5-4599-B4ED-FC43936D856C}.Release|Any CPU.Deploy.0 = Release|Any CPU
		{75BD3BD6-F3C5-4599-B4ED-FC43936D856C}.Release|ARM.ActiveCfg = Release|Any CPU
		{75BD3BD6-F3C5-4599-B4ED-FC43936D856C}.Release|ARM.Build.0 = Release|Any CPU
		{75BD3BD6-F3C5-4599-B4ED-FC43936D856C}.Release|ARM.Deploy.0 = Release|Any CPU
		{75BD3BD6-F3C5-4599-B4ED-FC43936D856C}.Release|iPhone.ActiveCfg = Release|Any CPU
		{75BD3BD6-F3C5-4599-B4ED-FC43936D856C}.Release|iPhone.Build.0 = Release|Any CPU
		{75BD3BD6-F3C5-4599-B4ED-FC43936D856C}.Release|iPhone.Deploy.0 = Release|Any CPU
		{75BD3BD6-F3C5-4599-B4ED-FC43936D856C}.Release|iPhoneSimulator.ActiveCfg = Release|Any CPU
		{75BD3BD6-F3C5-4599-B4ED-FC43936D856C}.Release|iPhoneSimulator.Build.0 = Release|Any CPU
		{75BD3BD6-F3C5-4599-B4ED-FC43936D856C}.Release|iPhoneSimulator.Deploy.0 = Release|Any CPU
		{75BD3BD6-F3C5-4599-B4ED-FC43936D856C}.Release|x64.ActiveCfg = Release|Any CPU
		{75BD3BD6-F3C5-4599-B4ED-FC43936D856C}.Release|x64.Build.0 = Release|Any CPU
		{75BD3BD6-F3C5-4599-B4ED-FC43936D856C}.Release|x64.Deploy.0 = Release|Any CPU
		{75BD3BD6-F3C5-4599-B4ED-FC43936D856C}.Release|x86.ActiveCfg = Release|Any CPU
		{75BD3BD6-F3C5-4599-B4ED-FC43936D856C}.Release|x86.Build.0 = Release|Any CPU
		{75BD3BD6-F3C5-4599-B4ED-FC43936D856C}.Release|x86.Deploy.0 = Release|Any CPU
		{E62C02B3-EABC-4636-8B4D-E907C6FC3C9D}.Debug|Any CPU.ActiveCfg = Debug|iPhone
		{E62C02B3-EABC-4636-8B4D-E907C6FC3C9D}.Debug|Any CPU.Build.0 = Debug|iPhone
		{E62C02B3-EABC-4636-8B4D-E907C6FC3C9D}.Debug|Any CPU.Deploy.0 = Debug|iPhone
		{E62C02B3-EABC-4636-8B4D-E907C6FC3C9D}.Debug|ARM.ActiveCfg = Debug|iPhone
		{E62C02B3-EABC-4636-8B4D-E907C6FC3C9D}.Debug|ARM.Build.0 = Debug|iPhone
		{E62C02B3-EABC-4636-8B4D-E907C6FC3C9D}.Debug|ARM.Deploy.0 = Debug|iPhone
		{E62C02B3-EABC-4636-8B4D-E907C6FC3C9D}.Debug|iPhone.ActiveCfg = Debug|iPhone
		{E62C02B3-EABC-4636-8B4D-E907C6FC3C9D}.Debug|iPhone.Build.0 = Debug|iPhone
		{E62C02B3-EABC-4636-8B4D-E907C6FC3C9D}.Debug|iPhone.Deploy.0 = Debug|iPhone
		{E62C02B3-EABC-4636-8B4D-E907C6FC3C9D}.Debug|iPhoneSimulator.ActiveCfg = Debug|iPhoneSimulator
		{E62C02B3-EABC-4636-8B4D-E907C6FC3C9D}.Debug|iPhoneSimulator.Build.0 = Debug|iPhoneSimulator
		{E62C02B3-EABC-4636-8B4D-E907C6FC3C9D}.Debug|iPhoneSimulator.Deploy.0 = Debug|iPhoneSimulator
		{E62C02B3-EABC-4636-8B4D-E907C6FC3C9D}.Debug|x64.ActiveCfg = Debug|iPhone
		{E62C02B3-EABC-4636-8B4D-E907C6FC3C9D}.Debug|x64.Build.0 = Debug|iPhone
		{E62C02B3-EABC-4636-8B4D-E907C6FC3C9D}.Debug|x64.Deploy.0 = Debug|iPhone
		{E62C02B3-EABC-4636-8B4D-E907C6FC3C9D}.Debug|x86.ActiveCfg = Debug|iPhone
		{E62C02B3-EABC-4636-8B4D-E907C6FC3C9D}.Debug|x86.Build.0 = Debug|iPhone
		{E62C02B3-EABC-4636-8B4D-E907C6FC3C9D}.Debug|x86.Deploy.0 = Debug|iPhone
		{E62C02B3-EABC-4636-8B4D-E907C6FC3C9D}.Release|Any CPU.ActiveCfg = Release|iPhone
		{E62C02B3-EABC-4636-8B4D-E907C6FC3C9D}.Release|Any CPU.Build.0 = Release|iPhone
		{E62C02B3-EABC-4636-8B4D-E907C6FC3C9D}.Release|Any CPU.Deploy.0 = Release|iPhone
		{E62C02B3-EABC-4636-8B4D-E907C6FC3C9D}.Release|ARM.ActiveCfg = Release|iPhone
		{E62C02B3-EABC-4636-8B4D-E907C6FC3C9D}.Release|ARM.Build.0 = Release|iPhone
		{E62C02B3-EABC-4636-8B4D-E907C6FC3C9D}.Release|ARM.Deploy.0 = Release|iPhone
		{E62C02B3-EABC-4636-8B4D-E907C6FC3C9D}.Release|iPhone.ActiveCfg = Release|iPhone
		{E62C02B3-EABC-4636-8B4D-E907C6FC3C9D}.Release|iPhone.Build.0 = Release|iPhone
		{E62C02B3-EABC-4636-8B4D-E907C6FC3C9D}.Release|iPhone.Deploy.0 = Release|iPhone
		{E62C02B3-EABC-4636-8B4D-E907C6FC3C9D}.Release|iPhoneSimulator.ActiveCfg = Release|iPhoneSimulator
		{E62C02B3-EABC-4636-8B4D-E907C6FC3C9D}.Release|iPhoneSimulator.Build.0 = Release|iPhoneSimulator
		{E62C02B3-EABC-4636-8B4D-E907C6FC3C9D}.Release|iPhoneSimulator.Deploy.0 = Release|iPhoneSimulator
		{E62C02B3-EABC-4636-8B4D-E907C6FC3C9D}.Release|x64.ActiveCfg = Release|iPhone
		{E62C02B3-EABC-4636-8B4D-E907C6FC3C9D}.Release|x64.Build.0 = Release|iPhone
		{E62C02B3-EABC-4636-8B4D-E907C6FC3C9D}.Release|x64.Deploy.0 = Release|iPhone
		{E62C02B3-EABC-4636-8B4D-E907C6FC3C9D}.Release|x86.ActiveCfg = Release|iPhone
		{E62C02B3-EABC-4636-8B4D-E907C6FC3C9D}.Release|x86.Build.0 = Release|iPhone
		{E62C02B3-EABC-4636-8B4D-E907C6FC3C9D}.Release|x86.Deploy.0 = Release|iPhone
		{3EFA5FB5-A796-4557-AE5E-D76952D1B995}.Debug|Any CPU.ActiveCfg = Debug|Any CPU
		{3EFA5FB5-A796-4557-AE5E-D76952D1B995}.Debug|Any CPU.Build.0 = Debug|Any CPU
		{3EFA5FB5-A796-4557-AE5E-D76952D1B995}.Debug|Any CPU.Deploy.0 = Debug|Any CPU
		{3EFA5FB5-A796-4557-AE5E-D76952D1B995}.Debug|ARM.ActiveCfg = Debug|Any CPU
		{3EFA5FB5-A796-4557-AE5E-D76952D1B995}.Debug|ARM.Build.0 = Debug|Any CPU
		{3EFA5FB5-A796-4557-AE5E-D76952D1B995}.Debug|ARM.Deploy.0 = Debug|Any CPU
		{3EFA5FB5-A796-4557-AE5E-D76952D1B995}.Debug|iPhone.ActiveCfg = Debug|Any CPU
		{3EFA5FB5-A796-4557-AE5E-D76952D1B995}.Debug|iPhone.Build.0 = Debug|Any CPU
		{3EFA5FB5-A796-4557-AE5E-D76952D1B995}.Debug|iPhone.Deploy.0 = Debug|Any CPU
		{3EFA5FB5-A796-4557-AE5E-D76952D1B995}.Debug|iPhoneSimulator.ActiveCfg = Debug|Any CPU
		{3EFA5FB5-A796-4557-AE5E-D76952D1B995}.Debug|iPhoneSimulator.Build.0 = Debug|Any CPU
		{3EFA5FB5-A796-4557-AE5E-D76952D1B995}.Debug|iPhoneSimulator.Deploy.0 = Debug|Any CPU
		{3EFA5FB5-A796-4557-AE5E-D76952D1B995}.Debug|x64.ActiveCfg = Debug|Any CPU
		{3EFA5FB5-A796-4557-AE5E-D76952D1B995}.Debug|x64.Build.0 = Debug|Any CPU
		{3EFA5FB5-A796-4557-AE5E-D76952D1B995}.Debug|x64.Deploy.0 = Debug|Any CPU
		{3EFA5FB5-A796-4557-AE5E-D76952D1B995}.Debug|x86.ActiveCfg = Debug|Any CPU
		{3EFA5FB5-A796-4557-AE5E-D76952D1B995}.Debug|x86.Build.0 = Debug|Any CPU
		{3EFA5FB5-A796-4557-AE5E-D76952D1B995}.Debug|x86.Deploy.0 = Debug|Any CPU
		{3EFA5FB5-A796-4557-AE5E-D76952D1B995}.Release|Any CPU.ActiveCfg = Release|Any CPU
		{3EFA5FB5-A796-4557-AE5E-D76952D1B995}.Release|Any CPU.Build.0 = Release|Any CPU
		{3EFA5FB5-A796-4557-AE5E-D76952D1B995}.Release|Any CPU.Deploy.0 = Release|Any CPU
		{3EFA5FB5-A796-4557-AE5E-D76952D1B995}.Release|ARM.ActiveCfg = Release|Any CPU
		{3EFA5FB5-A796-4557-AE5E-D76952D1B995}.Release|ARM.Build.0 = Release|Any CPU
		{3EFA5FB5-A796-4557-AE5E-D76952D1B995}.Release|ARM.Deploy.0 = Release|Any CPU
		{3EFA5FB5-A796-4557-AE5E-D76952D1B995}.Release|iPhone.ActiveCfg = Release|Any CPU
		{3EFA5FB5-A796-4557-AE5E-D76952D1B995}.Release|iPhone.Build.0 = Release|Any CPU
		{3EFA5FB5-A796-4557-AE5E-D76952D1B995}.Release|iPhone.Deploy.0 = Release|Any CPU
		{3EFA5FB5-A796-4557-AE5E-D76952D1B995}.Release|iPhoneSimulator.ActiveCfg = Release|Any CPU
		{3EFA5FB5-A796-4557-AE5E-D76952D1B995}.Release|iPhoneSimulator.Build.0 = Release|Any CPU
		{3EFA5FB5-A796-4557-AE5E-D76952D1B995}.Release|iPhoneSimulator.Deploy.0 = Release|Any CPU
		{3EFA5FB5-A796-4557-AE5E-D76952D1B995}.Release|x64.ActiveCfg = Release|Any CPU
		{3EFA5FB5-A796-4557-AE5E-D76952D1B995}.Release|x64.Build.0 = Release|Any CPU
		{3EFA5FB5-A796-4557-AE5E-D76952D1B995}.Release|x64.Deploy.0 = Release|Any CPU
		{3EFA5FB5-A796-4557-AE5E-D76952D1B995}.Release|x86.ActiveCfg = Release|Any CPU
		{3EFA5FB5-A796-4557-AE5E-D76952D1B995}.Release|x86.Build.0 = Release|Any CPU
		{3EFA5FB5-A796-4557-AE5E-D76952D1B995}.Release|x86.Deploy.0 = Release|Any CPU
	EndGlobalSection
	GlobalSection(SolutionProperties) = preSolution
		HideSolutionNode = FALSE
	EndGlobalSection
	GlobalSection(ExtensibilityGlobals) = postSolution
		SolutionGuid = {541D0743-9DAD-4BE7-97D1-30E3FEB2E0B4}
	EndGlobalSection
EndGlobal
