
Microsoft Visual Studio Solution File, Format Version 12.00
# Visual Studio Version 16
VisualStudioVersion = 16.0.30011.22
MinimumVisualStudioVersion = 10.0.40219.1
Project("{FAE04EC0-301F-11D3-BF4B-00C04F79EFBC}") = "App02.UWP", "App02\App02.UWP\App02.UWP.csproj", "{E5DE5D83-BFBA-4F0A-B04F-E32EBABDBCCE}"
EndProject
Project("{FAE04EC0-301F-11D3-BF4B-00C04F79EFBC}") = "App02.Android", "App02\App02.Android\App02.Android.csproj", "{D1DE2954-E2B0-4DBC-A2A6-76980E79B544}"
EndProject
Project("{FAE04EC0-301F-11D3-BF4B-00C04F79EFBC}") = "App02", "App02\App02\App02.csproj", "{0D6175C2-30FE-405B-BFBC-19D81CDDF128}"
EndProject
Global
	GlobalSection(SolutionConfigurationPlatforms) = preSolution
		Debug|Any CPU = Debug|Any CPU
		Debug|ARM = Debug|ARM
		Debug|x64 = Debug|x64
		Debug|x86 = Debug|x86
		Release|Any CPU = Release|Any CPU
		Release|ARM = Release|ARM
		Release|x64 = Release|x64
		Release|x86 = Release|x86
	EndGlobalSection
	GlobalSection(ProjectConfigurationPlatforms) = postSolution
		{E5DE5D83-BFBA-4F0A-B04F-E32EBABDBCCE}.Debug|Any CPU.ActiveCfg = Debug|x86
		{E5DE5D83-BFBA-4F0A-B04F-E32EBABDBCCE}.Debug|Any CPU.Build.0 = Debug|x86
		{E5DE5D83-BFBA-4F0A-B04F-E32EBABDBCCE}.Debug|Any CPU.Deploy.0 = Debug|x86
		{E5DE5D83-BFBA-4F0A-B04F-E32EBABDBCCE}.Debug|ARM.ActiveCfg = Debug|ARM
		{E5DE5D83-BFBA-4F0A-B04F-E32EBABDBCCE}.Debug|ARM.Build.0 = Debug|ARM
		{E5DE5D83-BFBA-4F0A-B04F-E32EBABDBCCE}.Debug|ARM.Deploy.0 = Debug|ARM
		{E5DE5D83-BFBA-4F0A-B04F-E32EBABDBCCE}.Debug|x64.ActiveCfg = Debug|x64
		{E5DE5D83-BFBA-4F0A-B04F-E32EBABDBCCE}.Debug|x64.Build.0 = Debug|x64
		{E5DE5D83-BFBA-4F0A-B04F-E32EBABDBCCE}.Debug|x64.Deploy.0 = Debug|x64
		{E5DE5D83-BFBA-4F0A-B04F-E32EBABDBCCE}.Debug|x86.ActiveCfg = Debug|x86
		{E5DE5D83-BFBA-4F0A-B04F-E32EBABDBCCE}.Debug|x86.Build.0 = Debug|x86
		{E5DE5D83-BFBA-4F0A-B04F-E32EBABDBCCE}.Debug|x86.Deploy.0 = Debug|x86
		{E5DE5D83-BFBA-4F0A-B04F-E32EBABDBCCE}.Release|Any CPU.ActiveCfg = Release|x86
		{E5DE5D83-BFBA-4F0A-B04F-E32EBABDBCCE}.Release|Any CPU.Build.0 = Release|x86
		{E5DE5D83-BFBA-4F0A-B04F-E32EBABDBCCE}.Release|Any CPU.Deploy.0 = Release|x86
		{E5DE5D83-BFBA-4F0A-B04F-E32EBABDBCCE}.Release|ARM.ActiveCfg = Release|ARM
		{E5DE5D83-BFBA-4F0A-B04F-E32EBABDBCCE}.Release|ARM.Build.0 = Release|ARM
		{E5DE5D83-BFBA-4F0A-B04F-E32EBABDBCCE}.Release|ARM.Deploy.0 = Release|ARM
		{E5DE5D83-BFBA-4F0A-B04F-E32EBABDBCCE}.Release|x64.ActiveCfg = Release|x64
		{E5DE5D83-BFBA-4F0A-B04F-E32EBABDBCCE}.Release|x64.Build.0 = Release|x64
		{E5DE5D83-BFBA-4F0A-B04F-E32EBABDBCCE}.Release|x64.Deploy.0 = Release|x64
		{E5DE5D83-BFBA-4F0A-B04F-E32EBABDBCCE}.Release|x86.ActiveCfg = Release|x86
		{E5DE5D83-BFBA-4F0A-B04F-E32EBABDBCCE}.Release|x86.Build.0 = Release|x86
		{E5DE5D83-BFBA-4F0A-B04F-E32EBABDBCCE}.Release|x86.Deploy.0 = Release|x86
		{D1DE2954-E2B0-4DBC-A2A6-76980E79B544}.Debug|Any CPU.ActiveCfg = Debug|Any CPU
		{D1DE2954-E2B0-4DBC-A2A6-76980E79B544}.Debug|Any CPU.Build.0 = Debug|Any CPU
		{D1DE2954-E2B0-4DBC-A2A6-76980E79B544}.Debug|Any CPU.Deploy.0 = Debug|Any CPU
		{D1DE2954-E2B0-4DBC-A2A6-76980E79B544}.Debug|ARM.ActiveCfg = Debug|Any CPU
		{D1DE2954-E2B0-4DBC-A2A6-76980E79B544}.Debug|ARM.Build.0 = Debug|Any CPU
		{D1DE2954-E2B0-4DBC-A2A6-76980E79B544}.Debug|ARM.Deploy.0 = Debug|Any CPU
		{D1DE2954-E2B0-4DBC-A2A6-76980E79B544}.Debug|x64.ActiveCfg = Debug|Any CPU
		{D1DE2954-E2B0-4DBC-A2A6-76980E79B544}.Debug|x64.Build.0 = Debug|Any CPU
		{D1DE2954-E2B0-4DBC-A2A6-76980E79B544}.Debug|x64.Deploy.0 = Debug|Any CPU
		{D1DE2954-E2B0-4DBC-A2A6-76980E79B544}.Debug|x86.ActiveCfg = Debug|Any CPU
		{D1DE2954-E2B0-4DBC-A2A6-76980E79B544}.Debug|x86.Build.0 = Debug|Any CPU
		{D1DE2954-E2B0-4DBC-A2A6-76980E79B544}.Debug|x86.Deploy.0 = Debug|Any CPU
		{D1DE2954-E2B0-4DBC-A2A6-76980E79B544}.Release|Any CPU.ActiveCfg = Release|Any CPU
		{D1DE2954-E2B0-4DBC-A2A6-76980E79B544}.Release|Any CPU.Build.0 = Release|Any CPU
		{D1DE2954-E2B0-4DBC-A2A6-76980E79B544}.Release|Any CPU.Deploy.0 = Release|Any CPU
		{D1DE2954-E2B0-4DBC-A2A6-76980E79B544}.Release|ARM.ActiveCfg = Release|Any CPU
		{D1DE2954-E2B0-4DBC-A2A6-76980E79B544}.Release|ARM.Build.0 = Release|Any CPU
		{D1DE2954-E2B0-4DBC-A2A6-76980E79B544}.Release|ARM.Deploy.0 = Release|Any CPU
		{D1DE2954-E2B0-4DBC-A2A6-76980E79B544}.Release|x64.ActiveCfg = Release|Any CPU
		{D1DE2954-E2B0-4DBC-A2A6-76980E79B544}.Release|x64.Build.0 = Release|Any CPU
		{D1DE2954-E2B0-4DBC-A2A6-76980E79B544}.Release|x64.Deploy.0 = Release|Any CPU
		{D1DE2954-E2B0-4DBC-A2A6-76980E79B544}.Release|x86.ActiveCfg = Release|Any CPU
		{D1DE2954-E2B0-4DBC-A2A6-76980E79B544}.Release|x86.Build.0 = Release|Any CPU
		{D1DE2954-E2B0-4DBC-A2A6-76980E79B544}.Release|x86.Deploy.0 = Release|Any CPU
		{0D6175C2-30FE-405B-BFBC-19D81CDDF128}.Debug|Any CPU.ActiveCfg = Debug|Any CPU
		{0D6175C2-30FE-405B-BFBC-19D81CDDF128}.Debug|Any CPU.Build.0 = Debug|Any CPU
		{0D6175C2-30FE-405B-BFBC-19D81CDDF128}.Debug|Any CPU.Deploy.0 = Debug|Any CPU
		{0D6175C2-30FE-405B-BFBC-19D81CDDF128}.Debug|ARM.ActiveCfg = Debug|Any CPU
		{0D6175C2-30FE-405B-BFBC-19D81CDDF128}.Debug|ARM.Build.0 = Debug|Any CPU
		{0D6175C2-30FE-405B-BFBC-19D81CDDF128}.Debug|ARM.Deploy.0 = Debug|Any CPU
		{0D6175C2-30FE-405B-BFBC-19D81CDDF128}.Debug|x64.ActiveCfg = Debug|Any CPU
		{0D6175C2-30FE-405B-BFBC-19D81CDDF128}.Debug|x64.Build.0 = Debug|Any CPU
		{0D6175C2-30FE-405B-BFBC-19D81CDDF128}.Debug|x64.Deploy.0 = Debug|Any CPU
		{0D6175C2-30FE-405B-BFBC-19D81CDDF128}.Debug|x86.ActiveCfg = Debug|Any CPU
		{0D6175C2-30FE-405B-BFBC-19D81CDDF128}.Debug|x86.Build.0 = Debug|Any CPU
		{0D6175C2-30FE-405B-BFBC-19D81CDDF128}.Debug|x86.Deploy.0 = Debug|Any CPU
		{0D6175C2-30FE-405B-BFBC-19D81CDDF128}.Release|Any CPU.ActiveCfg = Release|Any CPU
		{0D6175C2-30FE-405B-BFBC-19D81CDDF128}.Release|Any CPU.Build.0 = Release|Any CPU
		{0D6175C2-30FE-405B-BFBC-19D81CDDF128}.Release|Any CPU.Deploy.0 = Release|Any CPU
		{0D6175C2-30FE-405B-BFBC-19D81CDDF128}.Release|ARM.ActiveCfg = Release|Any CPU
		{0D6175C2-30FE-405B-BFBC-19D81CDDF128}.Release|ARM.Build.0 = Release|Any CPU
		{0D6175C2-30FE-405B-BFBC-19D81CDDF128}.Release|ARM.Deploy.0 = Release|Any CPU
		{0D6175C2-30FE-405B-BFBC-19D81CDDF128}.Release|x64.ActiveCfg = Release|Any CPU
		{0D6175C2-30FE-405B-BFBC-19D81CDDF128}.Release|x64.Build.0 = Release|Any CPU
		{0D6175C2-30FE-405B-BFBC-19D81CDDF128}.Release|x64.Deploy.0 = Release|Any CPU
		{0D6175C2-30FE-405B-BFBC-19D81CDDF128}.Release|x86.ActiveCfg = Release|Any CPU
		{0D6175C2-30FE-405B-BFBC-19D81CDDF128}.Release|x86.Build.0 = Release|Any CPU
		{0D6175C2-30FE-405B-BFBC-19D81CDDF128}.Release|x86.Deploy.0 = Release|Any CPU
	EndGlobalSection
	GlobalSection(SolutionProperties) = preSolution
		HideSolutionNode = FALSE
	EndGlobalSection
	GlobalSection(ExtensibilityGlobals) = postSolution
		SolutionGuid = {595AA166-8410-4979-93C5-C7951F420D6E}
	EndGlobalSection
EndGlobal
