
Microsoft Visual Studio Solution File, Format Version 12.00
# Visual Studio Version 16
VisualStudioVersion = 16.0.30011.22
MinimumVisualStudioVersion = 10.0.40219.1
Project("{FAE04EC0-301F-11D3-BF4B-00C04F79EFBC}") = "App03.UWP", "App03\App03.UWP\App03.UWP.csproj", "{0453413B-2514-4435-9007-98DFB79804D3}"
EndProject
Project("{FAE04EC0-301F-11D3-BF4B-00C04F79EFBC}") = "App03.Android", "App03\App03.Android\App03.Android.csproj", "{D4C8580F-8388-4AE2-B851-5C4E6A846444}"
EndProject
Project("{FAE04EC0-301F-11D3-BF4B-00C04F79EFBC}") = "App03.iOS", "App03\App03.iOS\App03.iOS.csproj", "{4F8F402A-44E0-4188-800F-97B932D79DFD}"
EndProject
Project("{FAE04EC0-301F-11D3-BF4B-00C04F79EFBC}") = "App03", "App03\App03\App03.csproj", "{8920147E-5328-4F62-BD11-5B115162354D}"
EndProject
Global
	GlobalSection(SolutionConfigurationPlatforms) = preSolution
		Debug|Any CPU = Debug|Any CPU
		Debug|ARM = Debug|ARM
		Debug|iPhone = Debug|iPhone
		Debug|iPhoneSimulator = Debug|iPhoneSimulator
		Debug|x64 = Debug|x64
		Debug|x86 = Debug|x86
		Release|Any CPU = Release|Any CPU
		Release|ARM = Release|ARM
		Release|iPhone = Release|iPhone
		Release|iPhoneSimulator = Release|iPhoneSimulator
		Release|x64 = Release|x64
		Release|x86 = Release|x86
	EndGlobalSection
	GlobalSection(ProjectConfigurationPlatforms) = postSolution
		{0453413B-2514-4435-9007-98DFB79804D3}.Debug|Any CPU.ActiveCfg = Debug|x86
		{0453413B-2514-4435-9007-98DFB79804D3}.Debug|Any CPU.Build.0 = Debug|x86
		{0453413B-2514-4435-9007-98DFB79804D3}.Debug|Any CPU.Deploy.0 = Debug|x86
		{0453413B-2514-4435-9007-98DFB79804D3}.Debug|ARM.ActiveCfg = Debug|ARM
		{0453413B-2514-4435-9007-98DFB79804D3}.Debug|ARM.Build.0 = Debug|ARM
		{0453413B-2514-4435-9007-98DFB79804D3}.Debug|ARM.Deploy.0 = Debug|ARM
		{0453413B-2514-4435-9007-98DFB79804D3}.Debug|iPhone.ActiveCfg = Debug|x86
		{0453413B-2514-4435-9007-98DFB79804D3}.Debug|iPhone.Build.0 = Debug|x86
		{0453413B-2514-4435-9007-98DFB79804D3}.Debug|iPhone.Deploy.0 = Debug|x86
		{0453413B-2514-4435-9007-98DFB79804D3}.Debug|iPhoneSimulator.ActiveCfg = Debug|x86
		{0453413B-2514-4435-9007-98DFB79804D3}.Debug|iPhoneSimulator.Build.0 = Debug|x86
		{0453413B-2514-4435-9007-98DFB79804D3}.Debug|iPhoneSimulator.Deploy.0 = Debug|x86
		{0453413B-2514-4435-9007-98DFB79804D3}.Debug|x64.ActiveCfg = Debug|x64
		{0453413B-2514-4435-9007-98DFB79804D3}.Debug|x64.Build.0 = Debug|x64
		{0453413B-2514-4435-9007-98DFB79804D3}.Debug|x64.Deploy.0 = Debug|x64
		{0453413B-2514-4435-9007-98DFB79804D3}.Debug|x86.ActiveCfg = Debug|x86
		{0453413B-2514-4435-9007-98DFB79804D3}.Debug|x86.Build.0 = Debug|x86
		{0453413B-2514-4435-9007-98DFB79804D3}.Debug|x86.Deploy.0 = Debug|x86
		{0453413B-2514-4435-9007-98DFB79804D3}.Release|Any CPU.ActiveCfg = Release|x86
		{0453413B-2514-4435-9007-98DFB79804D3}.Release|Any CPU.Build.0 = Release|x86
		{0453413B-2514-4435-9007-98DFB79804D3}.Release|Any CPU.Deploy.0 = Release|x86
		{0453413B-2514-4435-9007-98DFB79804D3}.Release|ARM.ActiveCfg = Release|ARM
		{0453413B-2514-4435-9007-98DFB79804D3}.Release|ARM.Build.0 = Release|ARM
		{0453413B-2514-4435-9007-98DFB79804D3}.Release|ARM.Deploy.0 = Release|ARM
		{0453413B-2514-4435-9007-98DFB79804D3}.Release|iPhone.ActiveCfg = Release|x86
		{0453413B-2514-4435-9007-98DFB79804D3}.Release|iPhone.Build.0 = Release|x86
		{0453413B-2514-4435-9007-98DFB79804D3}.Release|iPhone.Deploy.0 = Release|x86
		{0453413B-2514-4435-9007-98DFB79804D3}.Release|iPhoneSimulator.ActiveCfg = Release|x86
		{0453413B-2514-4435-9007-98DFB79804D3}.Release|iPhoneSimulator.Build.0 = Release|x86
		{0453413B-2514-4435-9007-98DFB79804D3}.Release|iPhoneSimulator.Deploy.0 = Release|x86
		{0453413B-2514-4435-9007-98DFB79804D3}.Release|x64.ActiveCfg = Release|x64
		{0453413B-2514-4435-9007-98DFB79804D3}.Release|x64.Build.0 = Release|x64
		{0453413B-2514-4435-9007-98DFB79804D3}.Release|x64.Deploy.0 = Release|x64
		{0453413B-2514-4435-9007-98DFB79804D3}.Release|x86.ActiveCfg = Release|x86
		{0453413B-2514-4435-9007-98DFB79804D3}.Release|x86.Build.0 = Release|x86
		{0453413B-2514-4435-9007-98DFB79804D3}.Release|x86.Deploy.0 = Release|x86
		{D4C8580F-8388-4AE2-B851-5C4E6A846444}.Debug|Any CPU.ActiveCfg = Debug|Any CPU
		{D4C8580F-8388-4AE2-B851-5C4E6A846444}.Debug|Any CPU.Build.0 = Debug|Any CPU
		{D4C8580F-8388-4AE2-B851-5C4E6A846444}.Debug|Any CPU.Deploy.0 = Debug|Any CPU
		{D4C8580F-8388-4AE2-B851-5C4E6A846444}.Debug|ARM.ActiveCfg = Debug|Any CPU
		{D4C8580F-8388-4AE2-B851-5C4E6A846444}.Debug|ARM.Build.0 = Debug|Any CPU
		{D4C8580F-8388-4AE2-B851-5C4E6A846444}.Debug|ARM.Deploy.0 = Debug|Any CPU
		{D4C8580F-8388-4AE2-B851-5C4E6A846444}.Debug|iPhone.ActiveCfg = Debug|Any CPU
		{D4C8580F-8388-4AE2-B851-5C4E6A846444}.Debug|iPhone.Build.0 = Debug|Any CPU
		{D4C8580F-8388-4AE2-B851-5C4E6A846444}.Debug|iPhone.Deploy.0 = Debug|Any CPU
		{D4C8580F-8388-4AE2-B851-5C4E6A846444}.Debug|iPhoneSimulator.ActiveCfg = Debug|Any CPU
		{D4C8580F-8388-4AE2-B851-5C4E6A846444}.Debug|iPhoneSimulator.Build.0 = Debug|Any CPU
		{D4C8580F-8388-4AE2-B851-5C4E6A846444}.Debug|iPhoneSimulator.Deploy.0 = Debug|Any CPU
		{D4C8580F-8388-4AE2-B851-5C4E6A846444}.Debug|x64.ActiveCfg = Debug|Any CPU
		{D4C8580F-8388-4AE2-B851-5C4E6A846444}.Debug|x64.Build.0 = Debug|Any CPU
		{D4C8580F-8388-4AE2-B851-5C4E6A846444}.Debug|x64.Deploy.0 = Debug|Any CPU
		{D4C8580F-8388-4AE2-B851-5C4E6A846444}.Debug|x86.ActiveCfg = Debug|Any CPU
		{D4C8580F-8388-4AE2-B851-5C4E6A846444}.Debug|x86.Build.0 = Debug|Any CPU
		{D4C8580F-8388-4AE2-B851-5C4E6A846444}.Debug|x86.Deploy.0 = Debug|Any CPU
		{D4C8580F-8388-4AE2-B851-5C4E6A846444}.Release|Any CPU.ActiveCfg = Release|Any CPU
		{D4C8580F-8388-4AE2-B851-5C4E6A846444}.Release|Any CPU.Build.0 = Release|Any CPU
		{D4C8580F-8388-4AE2-B851-5C4E6A846444}.Release|Any CPU.Deploy.0 = Release|Any CPU
		{D4C8580F-8388-4AE2-B851-5C4E6A846444}.Release|ARM.ActiveCfg = Release|Any CPU
		{D4C8580F-8388-4AE2-B851-5C4E6A846444}.Release|ARM.Build.0 = Release|Any CPU
		{D4C8580F-8388-4AE2-B851-5C4E6A846444}.Release|ARM.Deploy.0 = Release|Any CPU
		{D4C8580F-8388-4AE2-B851-5C4E6A846444}.Release|iPhone.ActiveCfg = Release|Any CPU
		{D4C8580F-8388-4AE2-B851-5C4E6A846444}.Release|iPhone.Build.0 = Release|Any CPU
		{D4C8580F-8388-4AE2-B851-5C4E6A846444}.Release|iPhone.Deploy.0 = Release|Any CPU
		{D4C8580F-8388-4AE2-B851-5C4E6A846444}.Release|iPhoneSimulator.ActiveCfg = Release|Any CPU
		{D4C8580F-8388-4AE2-B851-5C4E6A846444}.Release|iPhoneSimulator.Build.0 = Release|Any CPU
		{D4C8580F-8388-4AE2-B851-5C4E6A846444}.Release|iPhoneSimulator.Deploy.0 = Release|Any CPU
		{D4C8580F-8388-4AE2-B851-5C4E6A846444}.Release|x64.ActiveCfg = Release|Any CPU
		{D4C8580F-8388-4AE2-B851-5C4E6A846444}.Release|x64.Build.0 = Release|Any CPU
		{D4C8580F-8388-4AE2-B851-5C4E6A846444}.Release|x64.Deploy.0 = Release|Any CPU
		{D4C8580F-8388-4AE2-B851-5C4E6A846444}.Release|x86.ActiveCfg = Release|Any CPU
		{D4C8580F-8388-4AE2-B851-5C4E6A846444}.Release|x86.Build.0 = Release|Any CPU
		{D4C8580F-8388-4AE2-B851-5C4E6A846444}.Release|x86.Deploy.0 = Release|Any CPU
		{4F8F402A-44E0-4188-800F-97B932D79DFD}.Debug|Any CPU.ActiveCfg = Debug|iPhone
		{4F8F402A-44E0-4188-800F-97B932D79DFD}.Debug|Any CPU.Build.0 = Debug|iPhone
		{4F8F402A-44E0-4188-800F-97B932D79DFD}.Debug|Any CPU.Deploy.0 = Debug|iPhone
		{4F8F402A-44E0-4188-800F-97B932D79DFD}.Debug|ARM.ActiveCfg = Debug|iPhone
		{4F8F402A-44E0-4188-800F-97B932D79DFD}.Debug|ARM.Build.0 = Debug|iPhone
		{4F8F402A-44E0-4188-800F-97B932D79DFD}.Debug|ARM.Deploy.0 = Debug|iPhone
		{4F8F402A-44E0-4188-800F-97B932D79DFD}.Debug|iPhone.ActiveCfg = Debug|iPhone
		{4F8F402A-44E0-4188-800F-97B932D79DFD}.Debug|iPhone.Build.0 = Debug|iPhone
		{4F8F402A-44E0-4188-800F-97B932D79DFD}.Debug|iPhone.Deploy.0 = Debug|iPhone
		{4F8F402A-44E0-4188-800F-97B932D79DFD}.Debug|iPhoneSimulator.ActiveCfg = Debug|iPhoneSimulator
		{4F8F402A-44E0-4188-800F-97B932D79DFD}.Debug|iPhoneSimulator.Build.0 = Debug|iPhoneSimulator
		{4F8F402A-44E0-4188-800F-97B932D79DFD}.Debug|iPhoneSimulator.Deploy.0 = Debug|iPhoneSimulator
		{4F8F402A-44E0-4188-800F-97B932D79DFD}.Debug|x64.ActiveCfg = Debug|iPhone
		{4F8F402A-44E0-4188-800F-97B932D79DFD}.Debug|x64.Build.0 = Debug|iPhone
		{4F8F402A-44E0-4188-800F-97B932D79DFD}.Debug|x64.Deploy.0 = Debug|iPhone
		{4F8F402A-44E0-4188-800F-97B932D79DFD}.Debug|x86.ActiveCfg = Debug|iPhone
		{4F8F402A-44E0-4188-800F-97B932D79DFD}.Debug|x86.Build.0 = Debug|iPhone
		{4F8F402A-44E0-4188-800F-97B932D79DFD}.Debug|x86.Deploy.0 = Debug|iPhone
		{4F8F402A-44E0-4188-800F-97B932D79DFD}.Release|Any CPU.ActiveCfg = Release|iPhone
		{4F8F402A-44E0-4188-800F-97B932D79DFD}.Release|Any CPU.Build.0 = Release|iPhone
		{4F8F402A-44E0-4188-800F-97B932D79DFD}.Release|Any CPU.Deploy.0 = Release|iPhone
		{4F8F402A-44E0-4188-800F-97B932D79DFD}.Release|ARM.ActiveCfg = Release|iPhone
		{4F8F402A-44E0-4188-800F-97B932D79DFD}.Release|ARM.Build.0 = Release|iPhone
		{4F8F402A-44E0-4188-800F-97B932D79DFD}.Release|ARM.Deploy.0 = Release|iPhone
		{4F8F402A-44E0-4188-800F-97B932D79DFD}.Release|iPhone.ActiveCfg = Release|iPhone
		{4F8F402A-44E0-4188-800F-97B932D79DFD}.Release|iPhone.Build.0 = Release|iPhone
		{4F8F402A-44E0-4188-800F-97B932D79DFD}.Release|iPhone.Deploy.0 = Release|iPhone
		{4F8F402A-44E0-4188-800F-97B932D79DFD}.Release|iPhoneSimulator.ActiveCfg = Release|iPhoneSimulator
		{4F8F402A-44E0-4188-800F-97B932D79DFD}.Release|iPhoneSimulator.Build.0 = Release|iPhoneSimulator
		{4F8F402A-44E0-4188-800F-97B932D79DFD}.Release|iPhoneSimulator.Deploy.0 = Release|iPhoneSimulator
		{4F8F402A-44E0-4188-800F-97B932D79DFD}.Release|x64.ActiveCfg = Release|iPhone
		{4F8F402A-44E0-4188-800F-97B932D79DFD}.Release|x64.Build.0 = Release|iPhone
		{4F8F402A-44E0-4188-800F-97B932D79DFD}.Release|x64.Deploy.0 = Release|iPhone
		{4F8F402A-44E0-4188-800F-97B932D79DFD}.Release|x86.ActiveCfg = Release|iPhone
		{4F8F402A-44E0-4188-800F-97B932D79DFD}.Release|x86.Build.0 = Release|iPhone
		{4F8F402A-44E0-4188-800F-97B932D79DFD}.Release|x86.Deploy.0 = Release|iPhone
		{8920147E-5328-4F62-BD11-5B115162354D}.Debug|Any CPU.ActiveCfg = Debug|Any CPU
		{8920147E-5328-4F62-BD11-5B115162354D}.Debug|Any CPU.Build.0 = Debug|Any CPU
		{8920147E-5328-4F62-BD11-5B115162354D}.Debug|Any CPU.Deploy.0 = Debug|Any CPU
		{8920147E-5328-4F62-BD11-5B115162354D}.Debug|ARM.ActiveCfg = Debug|Any CPU
		{8920147E-5328-4F62-BD11-5B115162354D}.Debug|ARM.Build.0 = Debug|Any CPU
		{8920147E-5328-4F62-BD11-5B115162354D}.Debug|ARM.Deploy.0 = Debug|Any CPU
		{8920147E-5328-4F62-BD11-5B115162354D}.Debug|iPhone.ActiveCfg = Debug|Any CPU
		{8920147E-5328-4F62-BD11-5B115162354D}.Debug|iPhone.Build.0 = Debug|Any CPU
		{8920147E-5328-4F62-BD11-5B115162354D}.Debug|iPhone.Deploy.0 = Debug|Any CPU
		{8920147E-5328-4F62-BD11-5B115162354D}.Debug|iPhoneSimulator.ActiveCfg = Debug|Any CPU
		{8920147E-5328-4F62-BD11-5B115162354D}.Debug|iPhoneSimulator.Build.0 = Debug|Any CPU
		{8920147E-5328-4F62-BD11-5B115162354D}.Debug|iPhoneSimulator.Deploy.0 = Debug|Any CPU
		{8920147E-5328-4F62-BD11-5B115162354D}.Debug|x64.ActiveCfg = Debug|Any CPU
		{8920147E-5328-4F62-BD11-5B115162354D}.Debug|x64.Build.0 = Debug|Any CPU
		{8920147E-5328-4F62-BD11-5B115162354D}.Debug|x64.Deploy.0 = Debug|Any CPU
		{8920147E-5328-4F62-BD11-5B115162354D}.Debug|x86.ActiveCfg = Debug|Any CPU
		{8920147E-5328-4F62-BD11-5B115162354D}.Debug|x86.Build.0 = Debug|Any CPU
		{8920147E-5328-4F62-BD11-5B115162354D}.Debug|x86.Deploy.0 = Debug|Any CPU
		{8920147E-5328-4F62-BD11-5B115162354D}.Release|Any CPU.ActiveCfg = Release|Any CPU
		{8920147E-5328-4F62-BD11-5B115162354D}.Release|Any CPU.Build.0 = Release|Any CPU
		{8920147E-5328-4F62-BD11-5B115162354D}.Release|Any CPU.Deploy.0 = Release|Any CPU
		{8920147E-5328-4F62-BD11-5B115162354D}.Release|ARM.ActiveCfg = Release|Any CPU
		{8920147E-5328-4F62-BD11-5B115162354D}.Release|ARM.Build.0 = Release|Any CPU
		{8920147E-5328-4F62-BD11-5B115162354D}.Release|ARM.Deploy.0 = Release|Any CPU
		{8920147E-5328-4F62-BD11-5B115162354D}.Release|iPhone.ActiveCfg = Release|Any CPU
		{8920147E-5328-4F62-BD11-5B115162354D}.Release|iPhone.Build.0 = Release|Any CPU
		{8920147E-5328-4F62-BD11-5B115162354D}.Release|iPhone.Deploy.0 = Release|Any CPU
		{8920147E-5328-4F62-BD11-5B115162354D}.Release|iPhoneSimulator.ActiveCfg = Release|Any CPU
		{8920147E-5328-4F62-BD11-5B115162354D}.Release|iPhoneSimulator.Build.0 = Release|Any CPU
		{8920147E-5328-4F62-BD11-5B115162354D}.Release|iPhoneSimulator.Deploy.0 = Release|Any CPU
		{8920147E-5328-4F62-BD11-5B115162354D}.Release|x64.ActiveCfg = Release|Any CPU
		{8920147E-5328-4F62-BD11-5B115162354D}.Release|x64.Build.0 = Release|Any CPU
		{8920147E-5328-4F62-BD11-5B115162354D}.Release|x64.Deploy.0 = Release|Any CPU
		{8920147E-5328-4F62-BD11-5B115162354D}.Release|x86.ActiveCfg = Release|Any CPU
		{8920147E-5328-4F62-BD11-5B115162354D}.Release|x86.Build.0 = Release|Any CPU
		{8920147E-5328-4F62-BD11-5B115162354D}.Release|x86.Deploy.0 = Release|Any CPU
	EndGlobalSection
	GlobalSection(SolutionProperties) = preSolution
		HideSolutionNode = FALSE
	EndGlobalSection
	GlobalSection(ExtensibilityGlobals) = postSolution
		SolutionGuid = {5245E147-B281-485B-A245-DFEDE0A10B32}
	EndGlobalSection
EndGlobal
