
Microsoft Visual Studio Solution File, Format Version 12.00
# Visual Studio Version 16
VisualStudioVersion = 16.0.30011.22
MinimumVisualStudioVersion = 10.0.40219.1
Project("{FAE04EC0-301F-11D3-BF4B-00C04F79EFBC}") = "App10_Plugins.UWP", "App10_Plugins\App10_Plugins.UWP\App10_Plugins.UWP.csproj", "{152AAFE5-BBAA-4AB0-A1CA-3BB49E17F752}"
EndProject
Project("{FAE04EC0-301F-11D3-BF4B-00C04F79EFBC}") = "App10_Plugins.Android", "App10_Plugins\App10_Plugins.Android\App10_Plugins.Android.csproj", "{05DC6E84-89B7-418E-B622-A6C421C7B106}"
EndProject
Project("{FAE04EC0-301F-11D3-BF4B-00C04F79EFBC}") = "App10_Plugins.iOS", "App10_Plugins\App10_Plugins.iOS\App10_Plugins.iOS.csproj", "{2810AE56-6796-4172-912D-2CC31F66ADEC}"
EndProject
Project("{FAE04EC0-301F-11D3-BF4B-00C04F79EFBC}") = "App10_Plugins", "App10_Plugins\App10_Plugins\App10_Plugins.csproj", "{95C9E477-1730-493E-867F-66E6F7645A79}"
EndProject
Global
	GlobalSection(SolutionConfigurationPlatforms) = preSolution
		Debug|Any CPU = Debug|Any CPU
		Debug|ARM = Debug|ARM
		Debug|iPhone = Debug|iPhone
		Debug|iPhoneSimulator = Debug|iPhoneSimulator
		Debug|x64 = Debug|x64
		Debug|x86 = Debug|x86
		Release|Any CPU = Release|Any CPU
		Release|ARM = Release|ARM
		Release|iPhone = Release|iPhone
		Release|iPhoneSimulator = Release|iPhoneSimulator
		Release|x64 = Release|x64
		Release|x86 = Release|x86
	EndGlobalSection
	GlobalSection(ProjectConfigurationPlatforms) = postSolution
		{152AAFE5-BBAA-4AB0-A1CA-3BB49E17F752}.Debug|Any CPU.ActiveCfg = Debug|x86
		{152AAFE5-BBAA-4AB0-A1CA-3BB49E17F752}.Debug|Any CPU.Build.0 = Debug|x86
		{152AAFE5-BBAA-4AB0-A1CA-3BB49E17F752}.Debug|Any CPU.Deploy.0 = Debug|x86
		{152AAFE5-BBAA-4AB0-A1CA-3BB49E17F752}.Debug|ARM.ActiveCfg = Debug|ARM
		{152AAFE5-BBAA-4AB0-A1CA-3BB49E17F752}.Debug|ARM.Build.0 = Debug|ARM
		{152AAFE5-BBAA-4AB0-A1CA-3BB49E17F752}.Debug|ARM.Deploy.0 = Debug|ARM
		{152AAFE5-BBAA-4AB0-A1CA-3BB49E17F752}.Debug|iPhone.ActiveCfg = Debug|x86
		{152AAFE5-BBAA-4AB0-A1CA-3BB49E17F752}.Debug|iPhone.Build.0 = Debug|x86
		{152AAFE5-BBAA-4AB0-A1CA-3BB49E17F752}.Debug|iPhone.Deploy.0 = Debug|x86
		{152AAFE5-BBAA-4AB0-A1CA-3BB49E17F752}.Debug|iPhoneSimulator.ActiveCfg = Debug|x86
		{152AAFE5-BBAA-4AB0-A1CA-3BB49E17F752}.Debug|iPhoneSimulator.Build.0 = Debug|x86
		{152AAFE5-BBAA-4AB0-A1CA-3BB49E17F752}.Debug|iPhoneSimulator.Deploy.0 = Debug|x86
		{152AAFE5-BBAA-4AB0-A1CA-3BB49E17F752}.Debug|x64.ActiveCfg = Debug|x64
		{152AAFE5-BBAA-4AB0-A1CA-3BB49E17F752}.Debug|x64.Build.0 = Debug|x64
		{152AAFE5-BBAA-4AB0-A1CA-3BB49E17F752}.Debug|x64.Deploy.0 = Debug|x64
		{152AAFE5-BBAA-4AB0-A1CA-3BB49E17F752}.Debug|x86.ActiveCfg = Debug|x86
		{152AAFE5-BBAA-4AB0-A1CA-3BB49E17F752}.Debug|x86.Build.0 = Debug|x86
		{152AAFE5-BBAA-4AB0-A1CA-3BB49E17F752}.Debug|x86.Deploy.0 = Debug|x86
		{152AAFE5-BBAA-4AB0-A1CA-3BB49E17F752}.Release|Any CPU.ActiveCfg = Release|x86
		{152AAFE5-BBAA-4AB0-A1CA-3BB49E17F752}.Release|Any CPU.Build.0 = Release|x86
		{152AAFE5-BBAA-4AB0-A1CA-3BB49E17F752}.Release|Any CPU.Deploy.0 = Release|x86
		{152AAFE5-BBAA-4AB0-A1CA-3BB49E17F752}.Release|ARM.ActiveCfg = Release|ARM
		{152AAFE5-BBAA-4AB0-A1CA-3BB49E17F752}.Release|ARM.Build.0 = Release|ARM
		{152AAFE5-BBAA-4AB0-A1CA-3BB49E17F752}.Release|ARM.Deploy.0 = Release|ARM
		{152AAFE5-BBAA-4AB0-A1CA-3BB49E17F752}.Release|iPhone.ActiveCfg = Release|x86
		{152AAFE5-BBAA-4AB0-A1CA-3BB49E17F752}.Release|iPhone.Build.0 = Release|x86
		{152AAFE5-BBAA-4AB0-A1CA-3BB49E17F752}.Release|iPhone.Deploy.0 = Release|x86
		{152AAFE5-BBAA-4AB0-A1CA-3BB49E17F752}.Release|iPhoneSimulator.ActiveCfg = Release|x86
		{152AAFE5-BBAA-4AB0-A1CA-3BB49E17F752}.Release|iPhoneSimulator.Build.0 = Release|x86
		{152AAFE5-BBAA-4AB0-A1CA-3BB49E17F752}.Release|iPhoneSimulator.Deploy.0 = Release|x86
		{152AAFE5-BBAA-4AB0-A1CA-3BB49E17F752}.Release|x64.ActiveCfg = Release|x64
		{152AAFE5-BBAA-4AB0-A1CA-3BB49E17F752}.Release|x64.Build.0 = Release|x64
		{152AAFE5-BBAA-4AB0-A1CA-3BB49E17F752}.Release|x64.Deploy.0 = Release|x64
		{152AAFE5-BBAA-4AB0-A1CA-3BB49E17F752}.Release|x86.ActiveCfg = Release|x86
		{152AAFE5-BBAA-4AB0-A1CA-3BB49E17F752}.Release|x86.Build.0 = Release|x86
		{152AAFE5-BBAA-4AB0-A1CA-3BB49E17F752}.Release|x86.Deploy.0 = Release|x86
		{05DC6E84-89B7-418E-B622-A6C421C7B106}.Debug|Any CPU.ActiveCfg = Debug|Any CPU
		{05DC6E84-89B7-418E-B622-A6C421C7B106}.Debug|Any CPU.Build.0 = Debug|Any CPU
		{05DC6E84-89B7-418E-B622-A6C421C7B106}.Debug|Any CPU.Deploy.0 = Debug|Any CPU
		{05DC6E84-89B7-418E-B622-A6C421C7B106}.Debug|ARM.ActiveCfg = Debug|Any CPU
		{05DC6E84-89B7-418E-B622-A6C421C7B106}.Debug|ARM.Build.0 = Debug|Any CPU
		{05DC6E84-89B7-418E-B622-A6C421C7B106}.Debug|ARM.Deploy.0 = Debug|Any CPU
		{05DC6E84-89B7-418E-B622-A6C421C7B106}.Debug|iPhone.ActiveCfg = Debug|Any CPU
		{05DC6E84-89B7-418E-B622-A6C421C7B106}.Debug|iPhone.Build.0 = Debug|Any CPU
		{05DC6E84-89B7-418E-B622-A6C421C7B106}.Debug|iPhone.Deploy.0 = Debug|Any CPU
		{05DC6E84-89B7-418E-B622-A6C421C7B106}.Debug|iPhoneSimulator.ActiveCfg = Debug|Any CPU
		{05DC6E84-89B7-418E-B622-A6C421C7B106}.Debug|iPhoneSimulator.Build.0 = Debug|Any CPU
		{05DC6E84-89B7-418E-B622-A6C421C7B106}.Debug|iPhoneSimulator.Deploy.0 = Debug|Any CPU
		{05DC6E84-89B7-418E-B622-A6C421C7B106}.Debug|x64.ActiveCfg = Debug|Any CPU
		{05DC6E84-89B7-418E-B622-A6C421C7B106}.Debug|x64.Build.0 = Debug|Any CPU
		{05DC6E84-89B7-418E-B622-A6C421C7B106}.Debug|x64.Deploy.0 = Debug|Any CPU
		{05DC6E84-89B7-418E-B622-A6C421C7B106}.Debug|x86.ActiveCfg = Debug|Any CPU
		{05DC6E84-89B7-418E-B622-A6C421C7B106}.Debug|x86.Build.0 = Debug|Any CPU
		{05DC6E84-89B7-418E-B622-A6C421C7B106}.Debug|x86.Deploy.0 = Debug|Any CPU
		{05DC6E84-89B7-418E-B622-A6C421C7B106}.Release|Any CPU.ActiveCfg = Release|Any CPU
		{05DC6E84-89B7-418E-B622-A6C421C7B106}.Release|Any CPU.Build.0 = Release|Any CPU
		{05DC6E84-89B7-418E-B622-A6C421C7B106}.Release|Any CPU.Deploy.0 = Release|Any CPU
		{05DC6E84-89B7-418E-B622-A6C421C7B106}.Release|ARM.ActiveCfg = Release|Any CPU
		{05DC6E84-89B7-418E-B622-A6C421C7B106}.Release|ARM.Build.0 = Release|Any CPU
		{05DC6E84-89B7-418E-B622-A6C421C7B106}.Release|ARM.Deploy.0 = Release|Any CPU
		{05DC6E84-89B7-418E-B622-A6C421C7B106}.Release|iPhone.ActiveCfg = Release|Any CPU
		{05DC6E84-89B7-418E-B622-A6C421C7B106}.Release|iPhone.Build.0 = Release|Any CPU
		{05DC6E84-89B7-418E-B622-A6C421C7B106}.Release|iPhone.Deploy.0 = Release|Any CPU
		{05DC6E84-89B7-418E-B622-A6C421C7B106}.Release|iPhoneSimulator.ActiveCfg = Release|Any CPU
		{05DC6E84-89B7-418E-B622-A6C421C7B106}.Release|iPhoneSimulator.Build.0 = Release|Any CPU
		{05DC6E84-89B7-418E-B622-A6C421C7B106}.Release|iPhoneSimulator.Deploy.0 = Release|Any CPU
		{05DC6E84-89B7-418E-B622-A6C421C7B106}.Release|x64.ActiveCfg = Release|Any CPU
		{05DC6E84-89B7-418E-B622-A6C421C7B106}.Release|x64.Build.0 = Release|Any CPU
		{05DC6E84-89B7-418E-B622-A6C421C7B106}.Release|x64.Deploy.0 = Release|Any CPU
		{05DC6E84-89B7-418E-B622-A6C421C7B106}.Release|x86.ActiveCfg = Release|Any CPU
		{05DC6E84-89B7-418E-B622-A6C421C7B106}.Release|x86.Build.0 = Release|Any CPU
		{05DC6E84-89B7-418E-B622-A6C421C7B106}.Release|x86.Deploy.0 = Release|Any CPU
		{2810AE56-6796-4172-912D-2CC31F66ADEC}.Debug|Any CPU.ActiveCfg = Debug|iPhone
		{2810AE56-6796-4172-912D-2CC31F66ADEC}.Debug|Any CPU.Build.0 = Debug|iPhone
		{2810AE56-6796-4172-912D-2CC31F66ADEC}.Debug|Any CPU.Deploy.0 = Debug|iPhone
		{2810AE56-6796-4172-912D-2CC31F66ADEC}.Debug|ARM.ActiveCfg = Debug|iPhone
		{2810AE56-6796-4172-912D-2CC31F66ADEC}.Debug|ARM.Build.0 = Debug|iPhone
		{2810AE56-6796-4172-912D-2CC31F66ADEC}.Debug|ARM.Deploy.0 = Debug|iPhone
		{2810AE56-6796-4172-912D-2CC31F66ADEC}.Debug|iPhone.ActiveCfg = Debug|iPhone
		{2810AE56-6796-4172-912D-2CC31F66ADEC}.Debug|iPhone.Build.0 = Debug|iPhone
		{2810AE56-6796-4172-912D-2CC31F66ADEC}.Debug|iPhone.Deploy.0 = Debug|iPhone
		{2810AE56-6796-4172-912D-2CC31F66ADEC}.Debug|iPhoneSimulator.ActiveCfg = Debug|iPhoneSimulator
		{2810AE56-6796-4172-912D-2CC31F66ADEC}.Debug|iPhoneSimulator.Build.0 = Debug|iPhoneSimulator
		{2810AE56-6796-4172-912D-2CC31F66ADEC}.Debug|iPhoneSimulator.Deploy.0 = Debug|iPhoneSimulator
		{2810AE56-6796-4172-912D-2CC31F66ADEC}.Debug|x64.ActiveCfg = Debug|iPhone
		{2810AE56-6796-4172-912D-2CC31F66ADEC}.Debug|x64.Build.0 = Debug|iPhone
		{2810AE56-6796-4172-912D-2CC31F66ADEC}.Debug|x64.Deploy.0 = Debug|iPhone
		{2810AE56-6796-4172-912D-2CC31F66ADEC}.Debug|x86.ActiveCfg = Debug|iPhone
		{2810AE56-6796-4172-912D-2CC31F66ADEC}.Debug|x86.Build.0 = Debug|iPhone
		{2810AE56-6796-4172-912D-2CC31F66ADEC}.Debug|x86.Deploy.0 = Debug|iPhone
		{2810AE56-6796-4172-912D-2CC31F66ADEC}.Release|Any CPU.ActiveCfg = Release|iPhone
		{2810AE56-6796-4172-912D-2CC31F66ADEC}.Release|Any CPU.Build.0 = Release|iPhone
		{2810AE56-6796-4172-912D-2CC31F66ADEC}.Release|Any CPU.Deploy.0 = Release|iPhone
		{2810AE56-6796-4172-912D-2CC31F66ADEC}.Release|ARM.ActiveCfg = Release|iPhone
		{2810AE56-6796-4172-912D-2CC31F66ADEC}.Release|ARM.Build.0 = Release|iPhone
		{2810AE56-6796-4172-912D-2CC31F66ADEC}.Release|ARM.Deploy.0 = Release|iPhone
		{2810AE56-6796-4172-912D-2CC31F66ADEC}.Release|iPhone.ActiveCfg = Release|iPhone
		{2810AE56-6796-4172-912D-2CC31F66ADEC}.Release|iPhone.Build.0 = Release|iPhone
		{2810AE56-6796-4172-912D-2CC31F66ADEC}.Release|iPhone.Deploy.0 = Release|iPhone
		{2810AE56-6796-4172-912D-2CC31F66ADEC}.Release|iPhoneSimulator.ActiveCfg = Release|iPhoneSimulator
		{2810AE56-6796-4172-912D-2CC31F66ADEC}.Release|iPhoneSimulator.Build.0 = Release|iPhoneSimulator
		{2810AE56-6796-4172-912D-2CC31F66ADEC}.Release|iPhoneSimulator.Deploy.0 = Release|iPhoneSimulator
		{2810AE56-6796-4172-912D-2CC31F66ADEC}.Release|x64.ActiveCfg = Release|iPhone
		{2810AE56-6796-4172-912D-2CC31F66ADEC}.Release|x64.Build.0 = Release|iPhone
		{2810AE56-6796-4172-912D-2CC31F66ADEC}.Release|x64.Deploy.0 = Release|iPhone
		{2810AE56-6796-4172-912D-2CC31F66ADEC}.Release|x86.ActiveCfg = Release|iPhone
		{2810AE56-6796-4172-912D-2CC31F66ADEC}.Release|x86.Build.0 = Release|iPhone
		{2810AE56-6796-4172-912D-2CC31F66ADEC}.Release|x86.Deploy.0 = Release|iPhone
		{95C9E477-1730-493E-867F-66E6F7645A79}.Debug|Any CPU.ActiveCfg = Debug|Any CPU
		{95C9E477-1730-493E-867F-66E6F7645A79}.Debug|Any CPU.Build.0 = Debug|Any CPU
		{95C9E477-1730-493E-867F-66E6F7645A79}.Debug|Any CPU.Deploy.0 = Debug|Any CPU
		{95C9E477-1730-493E-867F-66E6F7645A79}.Debug|ARM.ActiveCfg = Debug|Any CPU
		{95C9E477-1730-493E-867F-66E6F7645A79}.Debug|ARM.Build.0 = Debug|Any CPU
		{95C9E477-1730-493E-867F-66E6F7645A79}.Debug|ARM.Deploy.0 = Debug|Any CPU
		{95C9E477-1730-493E-867F-66E6F7645A79}.Debug|iPhone.ActiveCfg = Debug|Any CPU
		{95C9E477-1730-493E-867F-66E6F7645A79}.Debug|iPhone.Build.0 = Debug|Any CPU
		{95C9E477-1730-493E-867F-66E6F7645A79}.Debug|iPhone.Deploy.0 = Debug|Any CPU
		{95C9E477-1730-493E-867F-66E6F7645A79}.Debug|iPhoneSimulator.ActiveCfg = Debug|Any CPU
		{95C9E477-1730-493E-867F-66E6F7645A79}.Debug|iPhoneSimulator.Build.0 = Debug|Any CPU
		{95C9E477-1730-493E-867F-66E6F7645A79}.Debug|iPhoneSimulator.Deploy.0 = Debug|Any CPU
		{95C9E477-1730-493E-867F-66E6F7645A79}.Debug|x64.ActiveCfg = Debug|Any CPU
		{95C9E477-1730-493E-867F-66E6F7645A79}.Debug|x64.Build.0 = Debug|Any CPU
		{95C9E477-1730-493E-867F-66E6F7645A79}.Debug|x64.Deploy.0 = Debug|Any CPU
		{95C9E477-1730-493E-867F-66E6F7645A79}.Debug|x86.ActiveCfg = Debug|Any CPU
		{95C9E477-1730-493E-867F-66E6F7645A79}.Debug|x86.Build.0 = Debug|Any CPU
		{95C9E477-1730-493E-867F-66E6F7645A79}.Debug|x86.Deploy.0 = Debug|Any CPU
		{95C9E477-1730-493E-867F-66E6F7645A79}.Release|Any CPU.ActiveCfg = Release|Any CPU
		{95C9E477-1730-493E-867F-66E6F7645A79}.Release|Any CPU.Build.0 = Release|Any CPU
		{95C9E477-1730-493E-867F-66E6F7645A79}.Release|Any CPU.Deploy.0 = Release|Any CPU
		{95C9E477-1730-493E-867F-66E6F7645A79}.Release|ARM.ActiveCfg = Release|Any CPU
		{95C9E477-1730-493E-867F-66E6F7645A79}.Release|ARM.Build.0 = Release|Any CPU
		{95C9E477-1730-493E-867F-66E6F7645A79}.Release|ARM.Deploy.0 = Release|Any CPU
		{95C9E477-1730-493E-867F-66E6F7645A79}.Release|iPhone.ActiveCfg = Release|Any CPU
		{95C9E477-1730-493E-867F-66E6F7645A79}.Release|iPhone.Build.0 = Release|Any CPU
		{95C9E477-1730-493E-867F-66E6F7645A79}.Release|iPhone.Deploy.0 = Release|Any CPU
		{95C9E477-1730-493E-867F-66E6F7645A79}.Release|iPhoneSimulator.ActiveCfg = Release|Any CPU
		{95C9E477-1730-493E-867F-66E6F7645A79}.Release|iPhoneSimulator.Build.0 = Release|Any CPU
		{95C9E477-1730-493E-867F-66E6F7645A79}.Release|iPhoneSimulator.Deploy.0 = Release|Any CPU
		{95C9E477-1730-493E-867F-66E6F7645A79}.Release|x64.ActiveCfg = Release|Any CPU
		{95C9E477-1730-493E-867F-66E6F7645A79}.Release|x64.Build.0 = Release|Any CPU
		{95C9E477-1730-493E-867F-66E6F7645A79}.Release|x64.Deploy.0 = Release|Any CPU
		{95C9E477-1730-493E-867F-66E6F7645A79}.Release|x86.ActiveCfg = Release|Any CPU
		{95C9E477-1730-493E-867F-66E6F7645A79}.Release|x86.Build.0 = Release|Any CPU
		{95C9E477-1730-493E-867F-66E6F7645A79}.Release|x86.Deploy.0 = Release|Any CPU
	EndGlobalSection
	GlobalSection(SolutionProperties) = preSolution
		HideSolutionNode = FALSE
	EndGlobalSection
	GlobalSection(ExtensibilityGlobals) = postSolution
		SolutionGuid = {8315A016-9BBA-4BA6-8A7F-7248A25CFF2C}
	EndGlobalSection
EndGlobal
