
Microsoft Visual Studio Solution File, Format Version 12.00
# Visual Studio Version 16
VisualStudioVersion = 16.0.30104.148
MinimumVisualStudioVersion = 10.0.40219.1
Project("{FAE04EC0-301F-11D3-BF4B-00C04F79EFBC}") = "App14_Fontes.Android", "App14_Fontes\App14_Fontes.Android\App14_Fontes.Android.csproj", "{0A8DDA7F-E38A-4000-BB3E-B0FE9AEF9E52}"
EndProject
Project("{FAE04EC0-301F-11D3-BF4B-00C04F79EFBC}") = "App14_Fontes.iOS", "App14_Fontes\App14_Fontes.iOS\App14_Fontes.iOS.csproj", "{F76D87D2-3A18-4BEA-AC13-2555FCCC9A82}"
EndProject
Project("{FAE04EC0-301F-11D3-BF4B-00C04F79EFBC}") = "App14_Fontes", "App14_Fontes\App14_Fontes\App14_Fontes.csproj", "{A76367CB-F2BA-4A91-8F78-2EAEFEB28DA0}"
EndProject
Global
	GlobalSection(SolutionConfigurationPlatforms) = preSolution
		Debug|Any CPU = Debug|Any CPU
		Debug|iPhone = Debug|iPhone
		Debug|iPhoneSimulator = Debug|iPhoneSimulator
		Release|Any CPU = Release|Any CPU
		Release|iPhone = Release|iPhone
		Release|iPhoneSimulator = Release|iPhoneSimulator
	EndGlobalSection
	GlobalSection(ProjectConfigurationPlatforms) = postSolution
		{0A8DDA7F-E38A-4000-BB3E-B0FE9AEF9E52}.Debug|Any CPU.ActiveCfg = Debug|Any CPU
		{0A8DDA7F-E38A-4000-BB3E-B0FE9AEF9E52}.Debug|Any CPU.Build.0 = Debug|Any CPU
		{0A8DDA7F-E38A-4000-BB3E-B0FE9AEF9E52}.Debug|Any CPU.Deploy.0 = Debug|Any CPU
		{0A8DDA7F-E38A-4000-BB3E-B0FE9AEF9E52}.Debug|iPhone.ActiveCfg = Debug|Any CPU
		{0A8DDA7F-E38A-4000-BB3E-B0FE9AEF9E52}.Debug|iPhone.Build.0 = Debug|Any CPU
		{0A8DDA7F-E38A-4000-BB3E-B0FE9AEF9E52}.Debug|iPhone.Deploy.0 = Debug|Any CPU
		{0A8DDA7F-E38A-4000-BB3E-B0FE9AEF9E52}.Debug|iPhoneSimulator.ActiveCfg = Debug|Any CPU
		{0A8DDA7F-E38A-4000-BB3E-B0FE9AEF9E52}.Debug|iPhoneSimulator.Build.0 = Debug|Any CPU
		{0A8DDA7F-E38A-4000-BB3E-B0FE9AEF9E52}.Debug|iPhoneSimulator.Deploy.0 = Debug|Any CPU
		{0A8DDA7F-E38A-4000-BB3E-B0FE9AEF9E52}.Release|Any CPU.ActiveCfg = Release|Any CPU
		{0A8DDA7F-E38A-4000-BB3E-B0FE9AEF9E52}.Release|Any CPU.Build.0 = Release|Any CPU
		{0A8DDA7F-E38A-4000-BB3E-B0FE9AEF9E52}.Release|Any CPU.Deploy.0 = Release|Any CPU
		{0A8DDA7F-E38A-4000-BB3E-B0FE9AEF9E52}.Release|iPhone.ActiveCfg = Release|Any CPU
		{0A8DDA7F-E38A-4000-BB3E-B0FE9AEF9E52}.Release|iPhone.Build.0 = Release|Any CPU
		{0A8DDA7F-E38A-4000-BB3E-B0FE9AEF9E52}.Release|iPhone.Deploy.0 = Release|Any CPU
		{0A8DDA7F-E38A-4000-BB3E-B0FE9AEF9E52}.Release|iPhoneSimulator.ActiveCfg = Release|Any CPU
		{0A8DDA7F-E38A-4000-BB3E-B0FE9AEF9E52}.Release|iPhoneSimulator.Build.0 = Release|Any CPU
		{0A8DDA7F-E38A-4000-BB3E-B0FE9AEF9E52}.Release|iPhoneSimulator.Deploy.0 = Release|Any CPU
		{F76D87D2-3A18-4BEA-AC13-2555FCCC9A82}.Debug|Any CPU.ActiveCfg = Debug|iPhone
		{F76D87D2-3A18-4BEA-AC13-2555FCCC9A82}.Debug|Any CPU.Build.0 = Debug|iPhone
		{F76D87D2-3A18-4BEA-AC13-2555FCCC9A82}.Debug|Any CPU.Deploy.0 = Debug|iPhone
		{F76D87D2-3A18-4BEA-AC13-2555FCCC9A82}.Debug|iPhone.ActiveCfg = Debug|iPhone
		{F76D87D2-3A18-4BEA-AC13-2555FCCC9A82}.Debug|iPhone.Build.0 = Debug|iPhone
		{F76D87D2-3A18-4BEA-AC13-2555FCCC9A82}.Debug|iPhone.Deploy.0 = Debug|iPhone
		{F76D87D2-3A18-4BEA-AC13-2555FCCC9A82}.Debug|iPhoneSimulator.ActiveCfg = Debug|iPhoneSimulator
		{F76D87D2-3A18-4BEA-AC13-2555FCCC9A82}.Debug|iPhoneSimulator.Build.0 = Debug|iPhoneSimulator
		{F76D87D2-3A18-4BEA-AC13-2555FCCC9A82}.Debug|iPhoneSimulator.Deploy.0 = Debug|iPhoneSimulator
		{F76D87D2-3A18-4BEA-AC13-2555FCCC9A82}.Release|Any CPU.ActiveCfg = Release|iPhone
		{F76D87D2-3A18-4BEA-AC13-2555FCCC9A82}.Release|Any CPU.Build.0 = Release|iPhone
		{F76D87D2-3A18-4BEA-AC13-2555FCCC9A82}.Release|Any CPU.Deploy.0 = Release|iPhone
		{F76D87D2-3A18-4BEA-AC13-2555FCCC9A82}.Release|iPhone.ActiveCfg = Release|iPhone
		{F76D87D2-3A18-4BEA-AC13-2555FCCC9A82}.Release|iPhone.Build.0 = Release|iPhone
		{F76D87D2-3A18-4BEA-AC13-2555FCCC9A82}.Release|iPhone.Deploy.0 = Release|iPhone
		{F76D87D2-3A18-4BEA-AC13-2555FCCC9A82}.Release|iPhoneSimulator.ActiveCfg = Release|iPhoneSimulator
		{F76D87D2-3A18-4BEA-AC13-2555FCCC9A82}.Release|iPhoneSimulator.Build.0 = Release|iPhoneSimulator
		{F76D87D2-3A18-4BEA-AC13-2555FCCC9A82}.Release|iPhoneSimulator.Deploy.0 = Release|iPhoneSimulator
		{A76367CB-F2BA-4A91-8F78-2EAEFEB28DA0}.Debug|Any CPU.ActiveCfg = Debug|Any CPU
		{A76367CB-F2BA-4A91-8F78-2EAEFEB28DA0}.Debug|Any CPU.Build.0 = Debug|Any CPU
		{A76367CB-F2BA-4A91-8F78-2EAEFEB28DA0}.Debug|Any CPU.Deploy.0 = Debug|Any CPU
		{A76367CB-F2BA-4A91-8F78-2EAEFEB28DA0}.Debug|iPhone.ActiveCfg = Debug|Any CPU
		{A76367CB-F2BA-4A91-8F78-2EAEFEB28DA0}.Debug|iPhone.Build.0 = Debug|Any CPU
		{A76367CB-F2BA-4A91-8F78-2EAEFEB28DA0}.Debug|iPhone.Deploy.0 = Debug|Any CPU
		{A76367CB-F2BA-4A91-8F78-2EAEFEB28DA0}.Debug|iPhoneSimulator.ActiveCfg = Debug|Any CPU
		{A76367CB-F2BA-4A91-8F78-2EAEFEB28DA0}.Debug|iPhoneSimulator.Build.0 = Debug|Any CPU
		{A76367CB-F2BA-4A91-8F78-2EAEFEB28DA0}.Debug|iPhoneSimulator.Deploy.0 = Debug|Any CPU
		{A76367CB-F2BA-4A91-8F78-2EAEFEB28DA0}.Release|Any CPU.ActiveCfg = Release|Any CPU
		{A76367CB-F2BA-4A91-8F78-2EAEFEB28DA0}.Release|Any CPU.Build.0 = Release|Any CPU
		{A76367CB-F2BA-4A91-8F78-2EAEFEB28DA0}.Release|Any CPU.Deploy.0 = Release|Any CPU
		{A76367CB-F2BA-4A91-8F78-2EAEFEB28DA0}.Release|iPhone.ActiveCfg = Release|Any CPU
		{A76367CB-F2BA-4A91-8F78-2EAEFEB28DA0}.Release|iPhone.Build.0 = Release|Any CPU
		{A76367CB-F2BA-4A91-8F78-2EAEFEB28DA0}.Release|iPhone.Deploy.0 = Release|Any CPU
		{A76367CB-F2BA-4A91-8F78-2EAEFEB28DA0}.Release|iPhoneSimulator.ActiveCfg = Release|Any CPU
		{A76367CB-F2BA-4A91-8F78-2EAEFEB28DA0}.Release|iPhoneSimulator.Build.0 = Release|Any CPU
		{A76367CB-F2BA-4A91-8F78-2EAEFEB28DA0}.Release|iPhoneSimulator.Deploy.0 = Release|Any CPU
	EndGlobalSection
	GlobalSection(SolutionProperties) = preSolution
		HideSolutionNode = FALSE
	EndGlobalSection
	GlobalSection(ExtensibilityGlobals) = postSolution
		SolutionGuid = {4677C9E9-C5C8-4B42-B709-E3C584DA937A}
	EndGlobalSection
EndGlobal
